// !$*UTF8*$!
{
	archiveVersion = 1;
	classes = {
	};
	objectVersion = 52;
	objects = {

/* Begin PBXBuildFile section */
		2F8CC1354EA8D8ECC74D97DD /* Location.swift in Sources */ = {isa = PBXBuildFile; fileRef = 2F8CC340461EAD51A402EBC2 /* Location.swift */; };
		2F8CC1CD9159BF337376D20A /* Coordinates.swift in Sources */ = {isa = PBXBuildFile; fileRef = 2F8CC39FB513FB73FA57C3DB /* Coordinates.swift */; };
		2F8CC3DF8C8CBBFAEAFAFF77 /* ID.swift in Sources */ = {isa = PBXBuildFile; fileRef = 2F8CCF2EDD407D3BC80B5385 /* ID.swift */; };
		2F8CC75D8643D497469F2A8E /* Timezone.swift in Sources */ = {isa = PBXBuildFile; fileRef = 2F8CCC11679B3396B4B1AE7B /* Timezone.swift */; };
		2F8CC7732D37533292D8F598 /* RandomUser.swift in Sources */ = {isa = PBXBuildFile; fileRef = 2F8CCABBA7AC704411D50C63 /* RandomUser.swift */; };
		2F8CC81A19C9D12A4373BD26 /* Street.swift in Sources */ = {isa = PBXBuildFile; fileRef = 2F8CC41BE9BD1D6E92622696 /* Street.swift */; };
		2F8CC9758B5BDBE9958AD2BA /* Login.swift in Sources */ = {isa = PBXBuildFile; fileRef = 2F8CC635BBE9F813D0D549F3 /* Login.swift */; };
		2F8CC9D4CF076149713337C3 /* BlurEffectImageView.swift in Sources */ = {isa = PBXBuildFile; fileRef = 2F8CC27233D243A7CCAB0CAC /* BlurEffectImageView.swift */; };
		2F8CC9F999E5E2D8B17C6242 /* Name.swift in Sources */ = {isa = PBXBuildFile; fileRef = 2F8CC8BFC57F4D47EBF0BFFC /* Name.swift */; };
		2F8CCB2C832787ED3CC6FB03 /* Picture.swift in Sources */ = {isa = PBXBuildFile; fileRef = 2F8CC2131D7BE492B33D499D /* Picture.swift */; };
		2F8CCBF4F330D66609862007 /* UserProfileCell.swift in Sources */ = {isa = PBXBuildFile; fileRef = 2F8CCD98ADCEA8F885113A2C /* UserProfileCell.swift */; };
		DB177CBF24A23D7C0050C343 /* UserInfomationRouter.swift in Sources */ = {isa = PBXBuildFile; fileRef = DB177CBB24A23D7C0050C343 /* UserInfomationRouter.swift */; };
		DB177CC024A23D7C0050C343 /* UserInfomationViewController.swift in Sources */ = {isa = PBXBuildFile; fileRef = DB177CBC24A23D7C0050C343 /* UserInfomationViewController.swift */; };
		DB177CC124A23D7C0050C343 /* UserInfomationBuilder.swift in Sources */ = {isa = PBXBuildFile; fileRef = DB177CBD24A23D7C0050C343 /* UserInfomationBuilder.swift */; };
		DB177CC224A23D7C0050C343 /* UserInfomationInteractor.swift in Sources */ = {isa = PBXBuildFile; fileRef = DB177CBE24A23D7C0050C343 /* UserInfomationInteractor.swift */; };
		DB177CC424A2477F0050C343 /* UserInfomationAdapter.swift in Sources */ = {isa = PBXBuildFile; fileRef = DB177CC324A2477F0050C343 /* UserInfomationAdapter.swift */; };
		DB35E284244721DF00B26BD3 /* AppDelegate.swift in Sources */ = {isa = PBXBuildFile; fileRef = DB35E283244721DF00B26BD3 /* AppDelegate.swift */; };
		DB35E28D244721E000B26BD3 /* Assets.xcassets in Resources */ = {isa = PBXBuildFile; fileRef = DB35E28C244721E000B26BD3 /* Assets.xcassets */; };
		DB35E290244721E000B26BD3 /* LaunchScreen.storyboard in Resources */ = {isa = PBXBuildFile; fileRef = DB35E28E244721E000B26BD3 /* LaunchScreen.storyboard */; };
		DB35E29B244721E000B26BD3 /* RIBsReactorKitTests.swift in Sources */ = {isa = PBXBuildFile; fileRef = DB35E29A244721E000B26BD3 /* RIBsReactorKitTests.swift */; };
		DB35E2A6244721E000B26BD3 /* RIBsReactorKitUITests.swift in Sources */ = {isa = PBXBuildFile; fileRef = DB35E2A5244721E000B26BD3 /* RIBsReactorKitUITests.swift */; };
		DB35FABA248D4D8700416963 /* ArrayExtensions.swift in Sources */ = {isa = PBXBuildFile; fileRef = DB35FAB9248D4D8700416963 /* ArrayExtensions.swift */; };
		DB4242DC245C851B0068C6BF /* UserModelTranslator.swift in Sources */ = {isa = PBXBuildFile; fileRef = DB4242DB245C851B0068C6BF /* UserModelTranslator.swift */; };
		DB5B7ACB245C800E00DC33D3 /* Networking.swift in Sources */ = {isa = PBXBuildFile; fileRef = DBDD9AC52454783200DBF510 /* Networking.swift */; };
		DB630219246071CD00C47E09 /* UserListPresentableState.swift in Sources */ = {isa = PBXBuildFile; fileRef = DB630218246071CD00C47E09 /* UserListPresentableState.swift */; };
		DB63021B2460856C00C47E09 /* ViewControllableExtensions.swift in Sources */ = {isa = PBXBuildFile; fileRef = DB63021A2460856C00C47E09 /* ViewControllableExtensions.swift */; };
		DB63021E2461B85F00C47E09 /* UserListCell.swift in Sources */ = {isa = PBXBuildFile; fileRef = DB63021D2461B85F00C47E09 /* UserListCell.swift */; };
		DB70253024A2644100866A81 /* PullToRefreshable.swift in Sources */ = {isa = PBXBuildFile; fileRef = DB70252F24A2644100866A81 /* PullToRefreshable.swift */; };
		DB979C4E24D992D600E34DE6 /* Then in Frameworks */ = {isa = PBXBuildFile; productRef = DBC142132448B84500A9F3F6 /* Then */; };
		DB979C5024D9A0A800E34DE6 /* SkeletonAnimatable.swift in Sources */ = {isa = PBXBuildFile; fileRef = DB979C4F24D9A0A800E34DE6 /* SkeletonAnimatable.swift */; };
		DBA28BA72455D0040071160B /* RandomUserRepository.swift in Sources */ = {isa = PBXBuildFile; fileRef = DBA28BA62455D0040071160B /* RandomUserRepository.swift */; };
		DBA28BA92455ECFD0071160B /* RandomUserUseCase.swift in Sources */ = {isa = PBXBuildFile; fileRef = DBA28BA82455ECFD0071160B /* RandomUserUseCase.swift */; };
		DBA43B92245C9B6400C82D7E /* MainTabBarRouter.swift in Sources */ = {isa = PBXBuildFile; fileRef = DBA43B8E245C9B6400C82D7E /* MainTabBarRouter.swift */; };
		DBA43B93245C9B6400C82D7E /* MainTabBarViewController.swift in Sources */ = {isa = PBXBuildFile; fileRef = DBA43B8F245C9B6400C82D7E /* MainTabBarViewController.swift */; };
		DBA43B94245C9B6400C82D7E /* MainTabBarBuilder.swift in Sources */ = {isa = PBXBuildFile; fileRef = DBA43B90245C9B6400C82D7E /* MainTabBarBuilder.swift */; };
		DBA43B95245C9B6400C82D7E /* MainTabBarInteractor.swift in Sources */ = {isa = PBXBuildFile; fileRef = DBA43B91245C9B6400C82D7E /* MainTabBarInteractor.swift */; };
		DBA43B9C245C9C2100C82D7E /* UserListRouter.swift in Sources */ = {isa = PBXBuildFile; fileRef = DBA43B98245C9C2100C82D7E /* UserListRouter.swift */; };
		DBA43B9D245C9C2100C82D7E /* UserListViewController.swift in Sources */ = {isa = PBXBuildFile; fileRef = DBA43B99245C9C2100C82D7E /* UserListViewController.swift */; };
		DBA43B9E245C9C2100C82D7E /* UserListBuilder.swift in Sources */ = {isa = PBXBuildFile; fileRef = DBA43B9A245C9C2100C82D7E /* UserListBuilder.swift */; };
		DBA43B9F245C9C2100C82D7E /* UserListInteractor.swift in Sources */ = {isa = PBXBuildFile; fileRef = DBA43B9B245C9C2100C82D7E /* UserListInteractor.swift */; };
		DBA43BA4245C9CA700C82D7E /* UserCollectionRouter.swift in Sources */ = {isa = PBXBuildFile; fileRef = DBA43BA0245C9CA700C82D7E /* UserCollectionRouter.swift */; };
		DBA43BA5245C9CA700C82D7E /* UserCollectionViewController.swift in Sources */ = {isa = PBXBuildFile; fileRef = DBA43BA1245C9CA700C82D7E /* UserCollectionViewController.swift */; };
		DBA43BA6245C9CA700C82D7E /* UserCollectionBuilder.swift in Sources */ = {isa = PBXBuildFile; fileRef = DBA43BA2245C9CA700C82D7E /* UserCollectionBuilder.swift */; };
		DBA43BA7245C9CA700C82D7E /* UserCollectionInteractor.swift in Sources */ = {isa = PBXBuildFile; fileRef = DBA43BA3245C9CA700C82D7E /* UserCollectionInteractor.swift */; };
		DBA43BAB245DCFBA00C82D7E /* UserModelsStream.swift in Sources */ = {isa = PBXBuildFile; fileRef = DBA43BAA245DCFBA00C82D7E /* UserModelsStream.swift */; };
		DBA43BBA245EF50000C82D7E /* RootComponent+MainTabBar.swift in Sources */ = {isa = PBXBuildFile; fileRef = DBA43BB9245EF50000C82D7E /* RootComponent+MainTabBar.swift */; };
		DBC1420C2448B7A600A9F3F6 /* Nimble.framework in Frameworks */ = {isa = PBXBuildFile; fileRef = DBC141ED2448B6C900A9F3F6 /* Nimble.framework */; };
		DBC1420D2448B7A600A9F3F6 /* Quick.framework in Frameworks */ = {isa = PBXBuildFile; fileRef = DBC141F72448B6C900A9F3F6 /* Quick.framework */; };
		DBC1420E2448B7A600A9F3F6 /* RxBlocking.framework in Frameworks */ = {isa = PBXBuildFile; fileRef = DBC141EB2448B6C900A9F3F6 /* RxBlocking.framework */; };
		DBC1420F2448B7A600A9F3F6 /* RxNimbleRxBlocking.framework in Frameworks */ = {isa = PBXBuildFile; fileRef = DBC141EE2448B6C900A9F3F6 /* RxNimbleRxBlocking.framework */; };
		DBC142102448B7A600A9F3F6 /* RxNimbleRxTest.framework in Frameworks */ = {isa = PBXBuildFile; fileRef = DBC141E52448B6C900A9F3F6 /* RxNimbleRxTest.framework */; };
		DBC142112448B7A600A9F3F6 /* RxTest.framework in Frameworks */ = {isa = PBXBuildFile; fileRef = DBC141F12448B6C900A9F3F6 /* RxTest.framework */; };
		DBC1421D2448BA0B00A9F3F6 /* Settings.bundle in Resources */ = {isa = PBXBuildFile; fileRef = DBC1421C2448BA0B00A9F3F6 /* Settings.bundle */; };
		DBC52DED2454560800BCFEBB /* RootInteractor.swift in Sources */ = {isa = PBXBuildFile; fileRef = DBC52DDA2454560800BCFEBB /* RootInteractor.swift */; };
		DBC52DEE2454560800BCFEBB /* RootViewController.swift in Sources */ = {isa = PBXBuildFile; fileRef = DBC52DDB2454560800BCFEBB /* RootViewController.swift */; };
		DBC52DEF2454560800BCFEBB /* RootRouter.swift in Sources */ = {isa = PBXBuildFile; fileRef = DBC52DDC2454560800BCFEBB /* RootRouter.swift */; };
		DBC52DF02454560800BCFEBB /* RootBuilder.swift in Sources */ = {isa = PBXBuildFile; fileRef = DBC52DDD2454560800BCFEBB /* RootBuilder.swift */; };
		DBC52DF12454560800BCFEBB /* UITableViewExtensions.swift in Sources */ = {isa = PBXBuildFile; fileRef = DBC52DDF2454560800BCFEBB /* UITableViewExtensions.swift */; };
		DBC52DF22454560800BCFEBB /* UICollectionViewExtensions.swift in Sources */ = {isa = PBXBuildFile; fileRef = DBC52DE02454560800BCFEBB /* UICollectionViewExtensions.swift */; };
		DBC52DF32454560800BCFEBB /* UINavigationControllerExtensions.swift in Sources */ = {isa = PBXBuildFile; fileRef = DBC52DE12454560800BCFEBB /* UINavigationControllerExtensions.swift */; };
		DBC52DF52454560800BCFEBB /* Reusable.swift in Sources */ = {isa = PBXBuildFile; fileRef = DBC52DE42454560800BCFEBB /* Reusable.swift */; };
		DBC52DF62454560800BCFEBB /* HasElementKind.swift in Sources */ = {isa = PBXBuildFile; fileRef = DBC52DE52454560800BCFEBB /* HasElementKind.swift */; };
		DBC52DF82454560800BCFEBB /* BaseViewController.swift in Sources */ = {isa = PBXBuildFile; fileRef = DBC52DE82454560800BCFEBB /* BaseViewController.swift */; };
		DBC52DF92454560800BCFEBB /* BaseTableViewCell.swift in Sources */ = {isa = PBXBuildFile; fileRef = DBC52DE92454560800BCFEBB /* BaseTableViewCell.swift */; };
		DBC52DFA2454560800BCFEBB /* BaseCollectionViewCell.swift in Sources */ = {isa = PBXBuildFile; fileRef = DBC52DEA2454560800BCFEBB /* BaseCollectionViewCell.swift */; };
		DBC52DFB2454560800BCFEBB /* BaseView.swift in Sources */ = {isa = PBXBuildFile; fileRef = DBC52DEB2454560800BCFEBB /* BaseView.swift */; };
		DBC52DFD2454563200BCFEBB /* AppComponent.swift in Sources */ = {isa = PBXBuildFile; fileRef = DBC52DFC2454563200BCFEBB /* AppComponent.swift */; };
		DBCD8AEF2483C09400A34108 /* HasCompositeDisposable.swift in Sources */ = {isa = PBXBuildFile; fileRef = DBCD8AEE2483C09400A34108 /* HasCompositeDisposable.swift */; };
		DBCD8AF12483C11800A34108 /* HasDisposeBag.swift in Sources */ = {isa = PBXBuildFile; fileRef = DBCD8AF02483C11800A34108 /* HasDisposeBag.swift */; };
		DBCD8AF62483C84500A34108 /* DisposableExtensions.swift in Sources */ = {isa = PBXBuildFile; fileRef = DBCD8AF52483C84500A34108 /* DisposableExtensions.swift */; };
		DBCD8AF82483CECE00A34108 /* DisposablesManageable.swift in Sources */ = {isa = PBXBuildFile; fileRef = DBCD8AF72483CECE00A34108 /* DisposablesManageable.swift */; };
		DBCD8AFC2483EED800A34108 /* HasTableView.swift in Sources */ = {isa = PBXBuildFile; fileRef = DBCD8AFB2483EED800A34108 /* HasTableView.swift */; };
		DBCD8AFE2483EF3200A34108 /* HasCollectionView.swift in Sources */ = {isa = PBXBuildFile; fileRef = DBCD8AFD2483EF3200A34108 /* HasCollectionView.swift */; };
		DBCD8B3324840A0800A34108 /* UIViewControllerRxExtensions.swift in Sources */ = {isa = PBXBuildFile; fileRef = DBCD8B3224840A0800A34108 /* UIViewControllerRxExtensions.swift */; };
		DBDC8DB824604018009C4FF8 /* UIViewControllerPreview.swift in Sources */ = {isa = PBXBuildFile; fileRef = DBDC8DB724604018009C4FF8 /* UIViewControllerPreview.swift */; };
		DBDC8DBA24604027009C4FF8 /* UIViewPreview.swift in Sources */ = {isa = PBXBuildFile; fileRef = DBDC8DB924604027009C4FF8 /* UIViewPreview.swift */; };
		DBDD9ACE2454D68F00DBF510 /* Info.swift in Sources */ = {isa = PBXBuildFile; fileRef = DBDD9ACD2454D68F00DBF510 /* Info.swift */; };
		DBDD9AD02454D6A300DBF510 /* User.swift in Sources */ = {isa = PBXBuildFile; fileRef = DBDD9ACF2454D6A300DBF510 /* User.swift */; };
		DBDD9AD22454D6BA00DBF510 /* Dob.swift in Sources */ = {isa = PBXBuildFile; fileRef = DBDD9AD12454D6BA00DBF510 /* Dob.swift */; };
		DBEB56502455AB4E0054D41E /* RandomUserService.swift in Sources */ = {isa = PBXBuildFile; fileRef = DBEB564F2455AB4E0054D41E /* RandomUserService.swift */; };
		DBEB56532455B15F0054D41E /* RandomUserFixture.swift in Sources */ = {isa = PBXBuildFile; fileRef = DBEB56522455B15F0054D41E /* RandomUserFixture.swift */; };
		DBEF8B34245F054100A37587 /* MainTabBarComponent+UserList.swift in Sources */ = {isa = PBXBuildFile; fileRef = DBEF8B33245F054100A37587 /* MainTabBarComponent+UserList.swift */; };
		DBEF8B36245F055700A37587 /* MainTabBarComponent+UserCollection.swift in Sources */ = {isa = PBXBuildFile; fileRef = DBEF8B35245F055700A37587 /* MainTabBarComponent+UserCollection.swift */; };
		DBEF8B42245F511E00A37587 /* R.generated.swift in Sources */ = {isa = PBXBuildFile; fileRef = DBEF8B41245F511E00A37587 /* R.generated.swift */; };
		DBF7909524854C1D007F6F3B /* UserListSectionModel.swift in Sources */ = {isa = PBXBuildFile; fileRef = DBF7909424854C1D007F6F3B /* UserListSectionModel.swift */; };
/* End PBXBuildFile section */

/* Begin PBXContainerItemProxy section */
		DB35E297244721E000B26BD3 /* PBXContainerItemProxy */ = {
			isa = PBXContainerItemProxy;
			containerPortal = DB35E278244721DF00B26BD3 /* Project object */;
			proxyType = 1;
			remoteGlobalIDString = DB35E27F244721DF00B26BD3;
			remoteInfo = RIBsReactorKit;
		};
		DB35E2A2244721E000B26BD3 /* PBXContainerItemProxy */ = {
			isa = PBXContainerItemProxy;
			containerPortal = DB35E278244721DF00B26BD3 /* Project object */;
			proxyType = 1;
			remoteGlobalIDString = DB35E27F244721DF00B26BD3;
			remoteInfo = RIBsReactorKit;
		};
/* End PBXContainerItemProxy section */

/* Begin PBXFileReference section */
		2F8CC2131D7BE492B33D499D /* Picture.swift */ = {isa = PBXFileReference; fileEncoding = 4; lastKnownFileType = sourcecode.swift; path = Picture.swift; sourceTree = "<group>"; };
		2F8CC27233D243A7CCAB0CAC /* BlurEffectImageView.swift */ = {isa = PBXFileReference; fileEncoding = 4; lastKnownFileType = sourcecode.swift; path = BlurEffectImageView.swift; sourceTree = "<group>"; };
		2F8CC340461EAD51A402EBC2 /* Location.swift */ = {isa = PBXFileReference; fileEncoding = 4; lastKnownFileType = sourcecode.swift; path = Location.swift; sourceTree = "<group>"; };
		2F8CC39FB513FB73FA57C3DB /* Coordinates.swift */ = {isa = PBXFileReference; fileEncoding = 4; lastKnownFileType = sourcecode.swift; path = Coordinates.swift; sourceTree = "<group>"; };
		2F8CC41BE9BD1D6E92622696 /* Street.swift */ = {isa = PBXFileReference; fileEncoding = 4; lastKnownFileType = sourcecode.swift; path = Street.swift; sourceTree = "<group>"; };
		2F8CC635BBE9F813D0D549F3 /* Login.swift */ = {isa = PBXFileReference; fileEncoding = 4; lastKnownFileType = sourcecode.swift; path = Login.swift; sourceTree = "<group>"; };
		2F8CC8BFC57F4D47EBF0BFFC /* Name.swift */ = {isa = PBXFileReference; fileEncoding = 4; lastKnownFileType = sourcecode.swift; path = Name.swift; sourceTree = "<group>"; };
		2F8CCABBA7AC704411D50C63 /* RandomUser.swift */ = {isa = PBXFileReference; fileEncoding = 4; lastKnownFileType = sourcecode.swift; path = RandomUser.swift; sourceTree = "<group>"; };
		2F8CCC11679B3396B4B1AE7B /* Timezone.swift */ = {isa = PBXFileReference; fileEncoding = 4; lastKnownFileType = sourcecode.swift; path = Timezone.swift; sourceTree = "<group>"; };
		2F8CCD98ADCEA8F885113A2C /* UserProfileCell.swift */ = {isa = PBXFileReference; fileEncoding = 4; lastKnownFileType = sourcecode.swift; path = UserProfileCell.swift; sourceTree = "<group>"; };
		2F8CCF2EDD407D3BC80B5385 /* ID.swift */ = {isa = PBXFileReference; fileEncoding = 4; lastKnownFileType = sourcecode.swift; path = ID.swift; sourceTree = "<group>"; };
		DB09E82024572A7F00FAB536 /* Moya.framework */ = {isa = PBXFileReference; lastKnownFileType = wrapper.framework; name = Moya.framework; path = Carthage/Build/iOS/Moya.framework; sourceTree = "<group>"; };
		DB177CBB24A23D7C0050C343 /* UserInfomationRouter.swift */ = {isa = PBXFileReference; lastKnownFileType = sourcecode.swift; path = UserInfomationRouter.swift; sourceTree = "<group>"; };
		DB177CBC24A23D7C0050C343 /* UserInfomationViewController.swift */ = {isa = PBXFileReference; lastKnownFileType = sourcecode.swift; path = UserInfomationViewController.swift; sourceTree = "<group>"; };
		DB177CBD24A23D7C0050C343 /* UserInfomationBuilder.swift */ = {isa = PBXFileReference; lastKnownFileType = sourcecode.swift; path = UserInfomationBuilder.swift; sourceTree = "<group>"; };
		DB177CBE24A23D7C0050C343 /* UserInfomationInteractor.swift */ = {isa = PBXFileReference; lastKnownFileType = sourcecode.swift; path = UserInfomationInteractor.swift; sourceTree = "<group>"; };
		DB177CC324A2477F0050C343 /* UserInfomationAdapter.swift */ = {isa = PBXFileReference; lastKnownFileType = sourcecode.swift; path = UserInfomationAdapter.swift; sourceTree = "<group>"; };
		DB35E280244721DF00B26BD3 /* RIBsReactorKit.app */ = {isa = PBXFileReference; explicitFileType = wrapper.application; includeInIndex = 0; path = RIBsReactorKit.app; sourceTree = BUILT_PRODUCTS_DIR; };
		DB35E283244721DF00B26BD3 /* AppDelegate.swift */ = {isa = PBXFileReference; lastKnownFileType = sourcecode.swift; path = AppDelegate.swift; sourceTree = "<group>"; };
		DB35E28C244721E000B26BD3 /* Assets.xcassets */ = {isa = PBXFileReference; lastKnownFileType = folder.assetcatalog; path = Assets.xcassets; sourceTree = "<group>"; };
		DB35E28F244721E000B26BD3 /* Base */ = {isa = PBXFileReference; lastKnownFileType = file.storyboard; name = Base; path = Base.lproj/LaunchScreen.storyboard; sourceTree = "<group>"; };
		DB35E296244721E000B26BD3 /* RIBsReactorKitTests.xctest */ = {isa = PBXFileReference; explicitFileType = wrapper.cfbundle; includeInIndex = 0; path = RIBsReactorKitTests.xctest; sourceTree = BUILT_PRODUCTS_DIR; };
		DB35E29A244721E000B26BD3 /* RIBsReactorKitTests.swift */ = {isa = PBXFileReference; lastKnownFileType = sourcecode.swift; path = RIBsReactorKitTests.swift; sourceTree = "<group>"; };
		DB35E29C244721E000B26BD3 /* Info.plist */ = {isa = PBXFileReference; lastKnownFileType = text.plist.xml; path = Info.plist; sourceTree = "<group>"; };
		DB35E2A1244721E000B26BD3 /* RIBsReactorKitUITests.xctest */ = {isa = PBXFileReference; explicitFileType = wrapper.cfbundle; includeInIndex = 0; path = RIBsReactorKitUITests.xctest; sourceTree = BUILT_PRODUCTS_DIR; };
		DB35E2A5244721E000B26BD3 /* RIBsReactorKitUITests.swift */ = {isa = PBXFileReference; lastKnownFileType = sourcecode.swift; path = RIBsReactorKitUITests.swift; sourceTree = "<group>"; };
		DB35E2A7244721E000B26BD3 /* Info.plist */ = {isa = PBXFileReference; lastKnownFileType = text.plist.xml; path = Info.plist; sourceTree = "<group>"; };
		DB35FAB9248D4D8700416963 /* ArrayExtensions.swift */ = {isa = PBXFileReference; lastKnownFileType = sourcecode.swift; path = ArrayExtensions.swift; sourceTree = "<group>"; };
		DB4242DB245C851B0068C6BF /* UserModelTranslator.swift */ = {isa = PBXFileReference; lastKnownFileType = sourcecode.swift; path = UserModelTranslator.swift; sourceTree = "<group>"; };
		DB61D34F24C9A5E7004652F1 /* ReactiveMoya.framework */ = {isa = PBXFileReference; lastKnownFileType = wrapper.framework; name = ReactiveMoya.framework; path = Carthage/Build/iOS/ReactiveMoya.framework; sourceTree = "<group>"; };
		DB61D35024C9A5E7004652F1 /* WeakMapTable.framework */ = {isa = PBXFileReference; lastKnownFileType = wrapper.framework; name = WeakMapTable.framework; path = Carthage/Build/iOS/WeakMapTable.framework; sourceTree = "<group>"; };
		DB61D35124C9A5E7004652F1 /* RxCocoaRuntime.framework */ = {isa = PBXFileReference; lastKnownFileType = wrapper.framework; name = RxCocoaRuntime.framework; path = Carthage/Build/iOS/RxCocoaRuntime.framework; sourceTree = "<group>"; };
		DB61D35224C9A5E7004652F1 /* ReactiveSwift.framework */ = {isa = PBXFileReference; lastKnownFileType = wrapper.framework; name = ReactiveSwift.framework; path = Carthage/Build/iOS/ReactiveSwift.framework; sourceTree = "<group>"; };
		DB61D35324C9A5E7004652F1 /* RxDataSources.framework */ = {isa = PBXFileReference; lastKnownFileType = wrapper.framework; name = RxDataSources.framework; path = Carthage/Build/iOS/RxDataSources.framework; sourceTree = "<group>"; };
		DB61D35424C9A5E7004652F1 /* Differentiator.framework */ = {isa = PBXFileReference; lastKnownFileType = wrapper.framework; name = Differentiator.framework; path = Carthage/Build/iOS/Differentiator.framework; sourceTree = "<group>"; };
		DB630218246071CD00C47E09 /* UserListPresentableState.swift */ = {isa = PBXFileReference; lastKnownFileType = sourcecode.swift; path = UserListPresentableState.swift; sourceTree = "<group>"; };
		DB63021A2460856C00C47E09 /* ViewControllableExtensions.swift */ = {isa = PBXFileReference; lastKnownFileType = sourcecode.swift; path = ViewControllableExtensions.swift; sourceTree = "<group>"; };
		DB63021D2461B85F00C47E09 /* UserListCell.swift */ = {isa = PBXFileReference; lastKnownFileType = sourcecode.swift; path = UserListCell.swift; sourceTree = "<group>"; };
		DB70252F24A2644100866A81 /* PullToRefreshable.swift */ = {isa = PBXFileReference; lastKnownFileType = sourcecode.swift; path = PullToRefreshable.swift; sourceTree = "<group>"; };
		DB979C4F24D9A0A800E34DE6 /* SkeletonAnimatable.swift */ = {isa = PBXFileReference; lastKnownFileType = sourcecode.swift; path = SkeletonAnimatable.swift; sourceTree = "<group>"; };
		DBA28BA62455D0040071160B /* RandomUserRepository.swift */ = {isa = PBXFileReference; lastKnownFileType = sourcecode.swift; path = RandomUserRepository.swift; sourceTree = "<group>"; };
		DBA28BA82455ECFD0071160B /* RandomUserUseCase.swift */ = {isa = PBXFileReference; lastKnownFileType = sourcecode.swift; path = RandomUserUseCase.swift; sourceTree = "<group>"; };
		DBA43B8E245C9B6400C82D7E /* MainTabBarRouter.swift */ = {isa = PBXFileReference; lastKnownFileType = sourcecode.swift; path = MainTabBarRouter.swift; sourceTree = "<group>"; };
		DBA43B8F245C9B6400C82D7E /* MainTabBarViewController.swift */ = {isa = PBXFileReference; lastKnownFileType = sourcecode.swift; path = MainTabBarViewController.swift; sourceTree = "<group>"; };
		DBA43B90245C9B6400C82D7E /* MainTabBarBuilder.swift */ = {isa = PBXFileReference; lastKnownFileType = sourcecode.swift; path = MainTabBarBuilder.swift; sourceTree = "<group>"; };
		DBA43B91245C9B6400C82D7E /* MainTabBarInteractor.swift */ = {isa = PBXFileReference; lastKnownFileType = sourcecode.swift; path = MainTabBarInteractor.swift; sourceTree = "<group>"; };
		DBA43B98245C9C2100C82D7E /* UserListRouter.swift */ = {isa = PBXFileReference; lastKnownFileType = sourcecode.swift; path = UserListRouter.swift; sourceTree = "<group>"; };
		DBA43B99245C9C2100C82D7E /* UserListViewController.swift */ = {isa = PBXFileReference; lastKnownFileType = sourcecode.swift; path = UserListViewController.swift; sourceTree = "<group>"; };
		DBA43B9A245C9C2100C82D7E /* UserListBuilder.swift */ = {isa = PBXFileReference; lastKnownFileType = sourcecode.swift; path = UserListBuilder.swift; sourceTree = "<group>"; };
		DBA43B9B245C9C2100C82D7E /* UserListInteractor.swift */ = {isa = PBXFileReference; lastKnownFileType = sourcecode.swift; path = UserListInteractor.swift; sourceTree = "<group>"; };
		DBA43BA0245C9CA700C82D7E /* UserCollectionRouter.swift */ = {isa = PBXFileReference; lastKnownFileType = sourcecode.swift; path = UserCollectionRouter.swift; sourceTree = "<group>"; };
		DBA43BA1245C9CA700C82D7E /* UserCollectionViewController.swift */ = {isa = PBXFileReference; lastKnownFileType = sourcecode.swift; path = UserCollectionViewController.swift; sourceTree = "<group>"; };
		DBA43BA2245C9CA700C82D7E /* UserCollectionBuilder.swift */ = {isa = PBXFileReference; lastKnownFileType = sourcecode.swift; path = UserCollectionBuilder.swift; sourceTree = "<group>"; };
		DBA43BA3245C9CA700C82D7E /* UserCollectionInteractor.swift */ = {isa = PBXFileReference; lastKnownFileType = sourcecode.swift; path = UserCollectionInteractor.swift; sourceTree = "<group>"; };
		DBA43BAA245DCFBA00C82D7E /* UserModelsStream.swift */ = {isa = PBXFileReference; lastKnownFileType = sourcecode.swift; path = UserModelsStream.swift; sourceTree = "<group>"; };
		DBA43BB9245EF50000C82D7E /* RootComponent+MainTabBar.swift */ = {isa = PBXFileReference; lastKnownFileType = sourcecode.swift; path = "RootComponent+MainTabBar.swift"; sourceTree = "<group>"; };
		DBC141E52448B6C900A9F3F6 /* RxNimbleRxTest.framework */ = {isa = PBXFileReference; lastKnownFileType = wrapper.framework; name = RxNimbleRxTest.framework; path = Carthage/Build/iOS/RxNimbleRxTest.framework; sourceTree = "<group>"; };
		DBC141E62448B6C900A9F3F6 /* RIBs.framework */ = {isa = PBXFileReference; lastKnownFileType = wrapper.framework; name = RIBs.framework; path = Carthage/Build/iOS/RIBs.framework; sourceTree = "<group>"; };
		DBC141E72448B6C900A9F3F6 /* RxRelay.framework */ = {isa = PBXFileReference; lastKnownFileType = wrapper.framework; name = RxRelay.framework; path = Carthage/Build/iOS/RxRelay.framework; sourceTree = "<group>"; };
		DBC141E82448B6C900A9F3F6 /* ReactorKitRuntime.framework */ = {isa = PBXFileReference; lastKnownFileType = wrapper.framework; name = ReactorKitRuntime.framework; path = Carthage/Build/iOS/ReactorKitRuntime.framework; sourceTree = "<group>"; };
		DBC141E92448B6C900A9F3F6 /* Alamofire.framework */ = {isa = PBXFileReference; lastKnownFileType = wrapper.framework; name = Alamofire.framework; path = Carthage/Build/iOS/Alamofire.framework; sourceTree = "<group>"; };
		DBC141EA2448B6C900A9F3F6 /* RxMoya.framework */ = {isa = PBXFileReference; lastKnownFileType = wrapper.framework; name = RxMoya.framework; path = Carthage/Build/iOS/RxMoya.framework; sourceTree = "<group>"; };
		DBC141EB2448B6C900A9F3F6 /* RxBlocking.framework */ = {isa = PBXFileReference; lastKnownFileType = wrapper.framework; name = RxBlocking.framework; path = Carthage/Build/iOS/RxBlocking.framework; sourceTree = "<group>"; };
		DBC141EC2448B6C900A9F3F6 /* SWXMLHash.framework */ = {isa = PBXFileReference; lastKnownFileType = wrapper.framework; name = SWXMLHash.framework; path = Carthage/Build/iOS/SWXMLHash.framework; sourceTree = "<group>"; };
		DBC141ED2448B6C900A9F3F6 /* Nimble.framework */ = {isa = PBXFileReference; lastKnownFileType = wrapper.framework; name = Nimble.framework; path = Carthage/Build/iOS/Nimble.framework; sourceTree = "<group>"; };
		DBC141EE2448B6C900A9F3F6 /* RxNimbleRxBlocking.framework */ = {isa = PBXFileReference; lastKnownFileType = wrapper.framework; name = RxNimbleRxBlocking.framework; path = Carthage/Build/iOS/RxNimbleRxBlocking.framework; sourceTree = "<group>"; };
		DBC141EF2448B6C900A9F3F6 /* ReactorKit.framework */ = {isa = PBXFileReference; lastKnownFileType = wrapper.framework; name = ReactorKit.framework; path = Carthage/Build/iOS/ReactorKit.framework; sourceTree = "<group>"; };
		DBC141F02448B6C900A9F3F6 /* RxSwift.framework */ = {isa = PBXFileReference; lastKnownFileType = wrapper.framework; name = RxSwift.framework; path = Carthage/Build/iOS/RxSwift.framework; sourceTree = "<group>"; };
		DBC141F12448B6C900A9F3F6 /* RxTest.framework */ = {isa = PBXFileReference; lastKnownFileType = wrapper.framework; name = RxTest.framework; path = Carthage/Build/iOS/RxTest.framework; sourceTree = "<group>"; };
		DBC141F22448B6C900A9F3F6 /* RxCocoa.framework */ = {isa = PBXFileReference; lastKnownFileType = wrapper.framework; name = RxCocoa.framework; path = Carthage/Build/iOS/RxCocoa.framework; sourceTree = "<group>"; };
		DBC141F32448B6C900A9F3F6 /* Kingfisher.framework */ = {isa = PBXFileReference; lastKnownFileType = wrapper.framework; name = Kingfisher.framework; path = Carthage/Build/iOS/Kingfisher.framework; sourceTree = "<group>"; };
		DBC141F42448B6C900A9F3F6 /* EPLogger.framework */ = {isa = PBXFileReference; lastKnownFileType = wrapper.framework; name = EPLogger.framework; path = Carthage/Build/iOS/EPLogger.framework; sourceTree = "<group>"; };
		DBC141F52448B6C900A9F3F6 /* Yams.framework */ = {isa = PBXFileReference; lastKnownFileType = wrapper.framework; name = Yams.framework; path = Carthage/Build/iOS/Yams.framework; sourceTree = "<group>"; };
		DBC141F62448B6C900A9F3F6 /* SnapKit.framework */ = {isa = PBXFileReference; lastKnownFileType = wrapper.framework; name = SnapKit.framework; path = Carthage/Build/iOS/SnapKit.framework; sourceTree = "<group>"; };
		DBC141F72448B6C900A9F3F6 /* Quick.framework */ = {isa = PBXFileReference; lastKnownFileType = wrapper.framework; name = Quick.framework; path = Carthage/Build/iOS/Quick.framework; sourceTree = "<group>"; };
		DBC1421A2448B9FD00A9F3F6 /* Info.plist */ = {isa = PBXFileReference; fileEncoding = 4; lastKnownFileType = text.plist.xml; path = Info.plist; sourceTree = "<group>"; };
		DBC1421C2448BA0B00A9F3F6 /* Settings.bundle */ = {isa = PBXFileReference; lastKnownFileType = "wrapper.plug-in"; path = Settings.bundle; sourceTree = "<group>"; };
		DBC52DDA2454560800BCFEBB /* RootInteractor.swift */ = {isa = PBXFileReference; fileEncoding = 4; lastKnownFileType = sourcecode.swift; path = RootInteractor.swift; sourceTree = "<group>"; };
		DBC52DDB2454560800BCFEBB /* RootViewController.swift */ = {isa = PBXFileReference; fileEncoding = 4; lastKnownFileType = sourcecode.swift; path = RootViewController.swift; sourceTree = "<group>"; };
		DBC52DDC2454560800BCFEBB /* RootRouter.swift */ = {isa = PBXFileReference; fileEncoding = 4; lastKnownFileType = sourcecode.swift; path = RootRouter.swift; sourceTree = "<group>"; };
		DBC52DDD2454560800BCFEBB /* RootBuilder.swift */ = {isa = PBXFileReference; fileEncoding = 4; lastKnownFileType = sourcecode.swift; path = RootBuilder.swift; sourceTree = "<group>"; };
		DBC52DDF2454560800BCFEBB /* UITableViewExtensions.swift */ = {isa = PBXFileReference; fileEncoding = 4; lastKnownFileType = sourcecode.swift; name = UITableViewExtensions.swift; path = ../UITableViewExtensions.swift; sourceTree = "<group>"; };
		DBC52DE02454560800BCFEBB /* UICollectionViewExtensions.swift */ = {isa = PBXFileReference; fileEncoding = 4; lastKnownFileType = sourcecode.swift; name = UICollectionViewExtensions.swift; path = ../UICollectionViewExtensions.swift; sourceTree = "<group>"; };
		DBC52DE12454560800BCFEBB /* UINavigationControllerExtensions.swift */ = {isa = PBXFileReference; fileEncoding = 4; lastKnownFileType = sourcecode.swift; name = UINavigationControllerExtensions.swift; path = ../UINavigationControllerExtensions.swift; sourceTree = "<group>"; };
		DBC52DE42454560800BCFEBB /* Reusable.swift */ = {isa = PBXFileReference; fileEncoding = 4; lastKnownFileType = sourcecode.swift; path = Reusable.swift; sourceTree = "<group>"; };
		DBC52DE52454560800BCFEBB /* HasElementKind.swift */ = {isa = PBXFileReference; fileEncoding = 4; lastKnownFileType = sourcecode.swift; path = HasElementKind.swift; sourceTree = "<group>"; };
		DBC52DE82454560800BCFEBB /* BaseViewController.swift */ = {isa = PBXFileReference; fileEncoding = 4; lastKnownFileType = sourcecode.swift; path = BaseViewController.swift; sourceTree = "<group>"; };
		DBC52DE92454560800BCFEBB /* BaseTableViewCell.swift */ = {isa = PBXFileReference; fileEncoding = 4; lastKnownFileType = sourcecode.swift; path = BaseTableViewCell.swift; sourceTree = "<group>"; };
		DBC52DEA2454560800BCFEBB /* BaseCollectionViewCell.swift */ = {isa = PBXFileReference; fileEncoding = 4; lastKnownFileType = sourcecode.swift; path = BaseCollectionViewCell.swift; sourceTree = "<group>"; };
		DBC52DEB2454560800BCFEBB /* BaseView.swift */ = {isa = PBXFileReference; fileEncoding = 4; lastKnownFileType = sourcecode.swift; path = BaseView.swift; sourceTree = "<group>"; };
		DBC52DFC2454563200BCFEBB /* AppComponent.swift */ = {isa = PBXFileReference; fileEncoding = 4; lastKnownFileType = sourcecode.swift; path = AppComponent.swift; sourceTree = "<group>"; };
		DBCD8AEE2483C09400A34108 /* HasCompositeDisposable.swift */ = {isa = PBXFileReference; lastKnownFileType = sourcecode.swift; path = HasCompositeDisposable.swift; sourceTree = "<group>"; };
		DBCD8AF02483C11800A34108 /* HasDisposeBag.swift */ = {isa = PBXFileReference; lastKnownFileType = sourcecode.swift; path = HasDisposeBag.swift; sourceTree = "<group>"; };
		DBCD8AF52483C84500A34108 /* DisposableExtensions.swift */ = {isa = PBXFileReference; lastKnownFileType = sourcecode.swift; path = DisposableExtensions.swift; sourceTree = "<group>"; };
		DBCD8AF72483CECE00A34108 /* DisposablesManageable.swift */ = {isa = PBXFileReference; lastKnownFileType = sourcecode.swift; path = DisposablesManageable.swift; sourceTree = "<group>"; };
		DBCD8AFB2483EED800A34108 /* HasTableView.swift */ = {isa = PBXFileReference; lastKnownFileType = sourcecode.swift; path = HasTableView.swift; sourceTree = "<group>"; };
		DBCD8AFD2483EF3200A34108 /* HasCollectionView.swift */ = {isa = PBXFileReference; lastKnownFileType = sourcecode.swift; path = HasCollectionView.swift; sourceTree = "<group>"; };
		DBCD8B26248400CD00A34108 /* SkeletonView.framework */ = {isa = PBXFileReference; lastKnownFileType = wrapper.framework; name = SkeletonView.framework; path = Carthage/Build/iOS/SkeletonView.framework; sourceTree = "<group>"; };
		DBCD8B27248400CD00A34108 /* RxSwiftExt.framework */ = {isa = PBXFileReference; lastKnownFileType = wrapper.framework; name = RxSwiftExt.framework; path = Carthage/Build/iOS/RxSwiftExt.framework; sourceTree = "<group>"; };
		DBCD8B28248400CD00A34108 /* RxViewController.framework */ = {isa = PBXFileReference; lastKnownFileType = wrapper.framework; name = RxViewController.framework; path = Carthage/Build/iOS/RxViewController.framework; sourceTree = "<group>"; };
		DBCD8B29248400CD00A34108 /* KingfisherSwiftUI.framework */ = {isa = PBXFileReference; lastKnownFileType = wrapper.framework; name = KingfisherSwiftUI.framework; path = Carthage/Build/iOS/KingfisherSwiftUI.framework; sourceTree = "<group>"; };
		DBCD8B3224840A0800A34108 /* UIViewControllerRxExtensions.swift */ = {isa = PBXFileReference; lastKnownFileType = sourcecode.swift; path = UIViewControllerRxExtensions.swift; sourceTree = "<group>"; };
		DBDC8DB724604018009C4FF8 /* UIViewControllerPreview.swift */ = {isa = PBXFileReference; lastKnownFileType = sourcecode.swift; path = UIViewControllerPreview.swift; sourceTree = "<group>"; };
		DBDC8DB924604027009C4FF8 /* UIViewPreview.swift */ = {isa = PBXFileReference; lastKnownFileType = sourcecode.swift; path = UIViewPreview.swift; sourceTree = "<group>"; };
		DBDD9AC52454783200DBF510 /* Networking.swift */ = {isa = PBXFileReference; lastKnownFileType = sourcecode.swift; name = Networking.swift; path = ../Networking.swift; sourceTree = "<group>"; };
		DBDD9AC724547D5400DBF510 /* Moya.framework */ = {isa = PBXFileReference; lastKnownFileType = wrapper.framework; name = Moya.framework; path = Carthage/Build/iOS/Moya.framework; sourceTree = "<group>"; };
		DBDD9ACD2454D68F00DBF510 /* Info.swift */ = {isa = PBXFileReference; lastKnownFileType = sourcecode.swift; path = Info.swift; sourceTree = "<group>"; };
		DBDD9ACF2454D6A300DBF510 /* User.swift */ = {isa = PBXFileReference; lastKnownFileType = sourcecode.swift; path = User.swift; sourceTree = "<group>"; };
		DBDD9AD12454D6BA00DBF510 /* Dob.swift */ = {isa = PBXFileReference; lastKnownFileType = sourcecode.swift; path = Dob.swift; sourceTree = "<group>"; };
		DBEB564F2455AB4E0054D41E /* RandomUserService.swift */ = {isa = PBXFileReference; lastKnownFileType = sourcecode.swift; path = RandomUserService.swift; sourceTree = "<group>"; };
		DBEB56522455B15F0054D41E /* RandomUserFixture.swift */ = {isa = PBXFileReference; lastKnownFileType = sourcecode.swift; path = RandomUserFixture.swift; sourceTree = "<group>"; };
		DBEF8B33245F054100A37587 /* MainTabBarComponent+UserList.swift */ = {isa = PBXFileReference; lastKnownFileType = sourcecode.swift; path = "MainTabBarComponent+UserList.swift"; sourceTree = "<group>"; };
		DBEF8B35245F055700A37587 /* MainTabBarComponent+UserCollection.swift */ = {isa = PBXFileReference; lastKnownFileType = sourcecode.swift; path = "MainTabBarComponent+UserCollection.swift"; sourceTree = "<group>"; };
		DBEF8B3A245F4BE800A37587 /* Rswift.framework */ = {isa = PBXFileReference; lastKnownFileType = wrapper.framework; name = Rswift.framework; path = Carthage/Build/iOS/Rswift.framework; sourceTree = "<group>"; };
		DBEF8B41245F511E00A37587 /* R.generated.swift */ = {isa = PBXFileReference; fileEncoding = 4; lastKnownFileType = sourcecode.swift; path = R.generated.swift; sourceTree = "<group>"; };
		DBF7909424854C1D007F6F3B /* UserListSectionModel.swift */ = {isa = PBXFileReference; lastKnownFileType = sourcecode.swift; path = UserListSectionModel.swift; sourceTree = "<group>"; };
/* End PBXFileReference section */

/* Begin PBXFrameworksBuildPhase section */
		DB35E27D244721DF00B26BD3 /* Frameworks */ = {
			isa = PBXFrameworksBuildPhase;
			buildActionMask = 2147483647;
			files = (
				DB979C4E24D992D600E34DE6 /* Then in Frameworks */,
			);
			runOnlyForDeploymentPostprocessing = 0;
		};
		DB35E293244721E000B26BD3 /* Frameworks */ = {
			isa = PBXFrameworksBuildPhase;
			buildActionMask = 2147483647;
			files = (
				DBC142112448B7A600A9F3F6 /* RxTest.framework in Frameworks */,
				DBC1420E2448B7A600A9F3F6 /* RxBlocking.framework in Frameworks */,
				DBC1420D2448B7A600A9F3F6 /* Quick.framework in Frameworks */,
				DBC1420C2448B7A600A9F3F6 /* Nimble.framework in Frameworks */,
				DBC1420F2448B7A600A9F3F6 /* RxNimbleRxBlocking.framework in Frameworks */,
				DBC142102448B7A600A9F3F6 /* RxNimbleRxTest.framework in Frameworks */,
			);
			runOnlyForDeploymentPostprocessing = 0;
		};
		DB35E29E244721E000B26BD3 /* Frameworks */ = {
			isa = PBXFrameworksBuildPhase;
			buildActionMask = 2147483647;
			files = (
			);
			runOnlyForDeploymentPostprocessing = 0;
		};
/* End PBXFrameworksBuildPhase section */

/* Begin PBXGroup section */
		DB0B83B524546E4000FA83D7 /* RIBs+Extensions */ = {
			isa = PBXGroup;
			children = (
				DBC52DE12454560800BCFEBB /* UINavigationControllerExtensions.swift */,
				DB63021A2460856C00C47E09 /* ViewControllableExtensions.swift */,
			);
			path = "RIBs+Extensions";
			sourceTree = "<group>";
		};
		DB0B83B624546E5C00FA83D7 /* UIKit+Extensions */ = {
			isa = PBXGroup;
			children = (
				DBC52DDF2454560800BCFEBB /* UITableViewExtensions.swift */,
				DBC52DE02454560800BCFEBB /* UICollectionViewExtensions.swift */,
				DB35FAB9248D4D8700416963 /* ArrayExtensions.swift */,
			);
			path = "UIKit+Extensions";
			sourceTree = "<group>";
		};
		DB177CBA24A23D5C0050C343 /* UserInformation */ = {
			isa = PBXGroup;
			children = (
				DB177CC324A2477F0050C343 /* UserInfomationAdapter.swift */,
				DB177CBD24A23D7C0050C343 /* UserInfomationBuilder.swift */,
				DB177CBE24A23D7C0050C343 /* UserInfomationInteractor.swift */,
				DB177CBB24A23D7C0050C343 /* UserInfomationRouter.swift */,
				DB177CBC24A23D7C0050C343 /* UserInfomationViewController.swift */,
			);
			path = UserInformation;
			sourceTree = "<group>";
		};
		DB35E277244721DF00B26BD3 = {
			isa = PBXGroup;
			children = (
				DB35E282244721DF00B26BD3 /* RIBsReactorKit */,
				DB35E299244721E000B26BD3 /* RIBsReactorKitTests */,
				DB35E2A4244721E000B26BD3 /* RIBsReactorKitUITests */,
				DB35E281244721DF00B26BD3 /* Products */,
				DBC141E42448B6C900A9F3F6 /* Frameworks */,
				DB4242DA245C82280068C6BF /* Recovered References */,
			);
			sourceTree = "<group>";
		};
		DB35E281244721DF00B26BD3 /* Products */ = {
			isa = PBXGroup;
			children = (
				DB35E280244721DF00B26BD3 /* RIBsReactorKit.app */,
				DB35E296244721E000B26BD3 /* RIBsReactorKitTests.xctest */,
				DB35E2A1244721E000B26BD3 /* RIBsReactorKitUITests.xctest */,
			);
			name = Products;
			sourceTree = "<group>";
		};
		DB35E282244721DF00B26BD3 /* RIBsReactorKit */ = {
			isa = PBXGroup;
			children = (
				DBC142162448B93B00A9F3F6 /* Source */,
				DBC142152448B8D500A9F3F6 /* Resource */,
			);
			path = RIBsReactorKit;
			sourceTree = "<group>";
		};
		DB35E299244721E000B26BD3 /* RIBsReactorKitTests */ = {
			isa = PBXGroup;
			children = (
				DB35E29A244721E000B26BD3 /* RIBsReactorKitTests.swift */,
				DB35E29C244721E000B26BD3 /* Info.plist */,
			);
			path = RIBsReactorKitTests;
			sourceTree = "<group>";
		};
		DB35E2A4244721E000B26BD3 /* RIBsReactorKitUITests */ = {
			isa = PBXGroup;
			children = (
				DB35E2A5244721E000B26BD3 /* RIBsReactorKitUITests.swift */,
				DB35E2A7244721E000B26BD3 /* Info.plist */,
			);
			path = RIBsReactorKitUITests;
			sourceTree = "<group>";
		};
		DB4242DA245C82280068C6BF /* Recovered References */ = {
			isa = PBXGroup;
			children = (
				DBDD9AC724547D5400DBF510 /* Moya.framework */,
			);
			name = "Recovered References";
			sourceTree = "<group>";
		};
		DB63021C2461B82200C47E09 /* Views */ = {
			isa = PBXGroup;
			children = (
				DB63021D2461B85F00C47E09 /* UserListCell.swift */,
				2F8CCD98ADCEA8F885113A2C /* UserProfileCell.swift */,
				2F8CC27233D243A7CCAB0CAC /* BlurEffectImageView.swift */,
			);
			path = Views;
			sourceTree = "<group>";
		};
		DB9C7EF3245C97EC003AB2E7 /* MainTabBar */ = {
			isa = PBXGroup;
			children = (
				DBA43B90245C9B6400C82D7E /* MainTabBarBuilder.swift */,
				DBEF8B33245F054100A37587 /* MainTabBarComponent+UserList.swift */,
				DBEF8B35245F055700A37587 /* MainTabBarComponent+UserCollection.swift */,
				DBA43B91245C9B6400C82D7E /* MainTabBarInteractor.swift */,
				DBA43B8E245C9B6400C82D7E /* MainTabBarRouter.swift */,
				DBA43B8F245C9B6400C82D7E /* MainTabBarViewController.swift */,
			);
			path = MainTabBar;
			sourceTree = "<group>";
		};
		DBA28BA32455B8220071160B /* Services */ = {
			isa = PBXGroup;
			children = (
				DBEB564F2455AB4E0054D41E /* RandomUserService.swift */,
			);
			path = Services;
			sourceTree = "<group>";
		};
		DBA43B96245C9BED00C82D7E /* UserList */ = {
			isa = PBXGroup;
			children = (
				DBA43B9A245C9C2100C82D7E /* UserListBuilder.swift */,
				DBA43B9B245C9C2100C82D7E /* UserListInteractor.swift */,
				DBA43B98245C9C2100C82D7E /* UserListRouter.swift */,
				DBA43B99245C9C2100C82D7E /* UserListViewController.swift */,
			);
			path = UserList;
			sourceTree = "<group>";
		};
		DBA43B97245C9BF800C82D7E /* UserCollection */ = {
			isa = PBXGroup;
			children = (
				DBA43BA2245C9CA700C82D7E /* UserCollectionBuilder.swift */,
				DBA43BA3245C9CA700C82D7E /* UserCollectionInteractor.swift */,
				DBA43BA0245C9CA700C82D7E /* UserCollectionRouter.swift */,
				DBA43BA1245C9CA700C82D7E /* UserCollectionViewController.swift */,
			);
			path = UserCollection;
			sourceTree = "<group>";
		};
		DBC141E42448B6C900A9F3F6 /* Frameworks */ = {
			isa = PBXGroup;
			children = (
				DB61D35424C9A5E7004652F1 /* Differentiator.framework */,
				DB61D34F24C9A5E7004652F1 /* ReactiveMoya.framework */,
				DB61D35224C9A5E7004652F1 /* ReactiveSwift.framework */,
				DB61D35124C9A5E7004652F1 /* RxCocoaRuntime.framework */,
				DB61D35324C9A5E7004652F1 /* RxDataSources.framework */,
				DB61D35024C9A5E7004652F1 /* WeakMapTable.framework */,
				DBCD8B29248400CD00A34108 /* KingfisherSwiftUI.framework */,
				DBCD8B27248400CD00A34108 /* RxSwiftExt.framework */,
				DBCD8B28248400CD00A34108 /* RxViewController.framework */,
				DBCD8B26248400CD00A34108 /* SkeletonView.framework */,
				DBEF8B3A245F4BE800A37587 /* Rswift.framework */,
				DB09E82024572A7F00FAB536 /* Moya.framework */,
				DBC141E92448B6C900A9F3F6 /* Alamofire.framework */,
				DBC141F42448B6C900A9F3F6 /* EPLogger.framework */,
				DBC141F32448B6C900A9F3F6 /* Kingfisher.framework */,
				DBC141ED2448B6C900A9F3F6 /* Nimble.framework */,
				DBC141F72448B6C900A9F3F6 /* Quick.framework */,
				DBC141EF2448B6C900A9F3F6 /* ReactorKit.framework */,
				DBC141E82448B6C900A9F3F6 /* ReactorKitRuntime.framework */,
				DBC141E62448B6C900A9F3F6 /* RIBs.framework */,
				DBC141EB2448B6C900A9F3F6 /* RxBlocking.framework */,
				DBC141F22448B6C900A9F3F6 /* RxCocoa.framework */,
				DBC141EA2448B6C900A9F3F6 /* RxMoya.framework */,
				DBC141EE2448B6C900A9F3F6 /* RxNimbleRxBlocking.framework */,
				DBC141E52448B6C900A9F3F6 /* RxNimbleRxTest.framework */,
				DBC141E72448B6C900A9F3F6 /* RxRelay.framework */,
				DBC141F02448B6C900A9F3F6 /* RxSwift.framework */,
				DBC141F12448B6C900A9F3F6 /* RxTest.framework */,
				DBC141F62448B6C900A9F3F6 /* SnapKit.framework */,
				DBC141EC2448B6C900A9F3F6 /* SWXMLHash.framework */,
				DBC141F52448B6C900A9F3F6 /* Yams.framework */,
			);
			name = Frameworks;
			sourceTree = "<group>";
		};
		DBC142152448B8D500A9F3F6 /* Resource */ = {
			isa = PBXGroup;
			children = (
				DB35E28C244721E000B26BD3 /* Assets.xcassets */,
				DB35E28E244721E000B26BD3 /* LaunchScreen.storyboard */,
				DBC1421C2448BA0B00A9F3F6 /* Settings.bundle */,
				DBC142192448B9FD00A9F3F6 /* Supporting Files */,
			);
			path = Resource;
			sourceTree = "<group>";
		};
		DBC142162448B93B00A9F3F6 /* Source */ = {
			isa = PBXGroup;
			children = (
				DBC52DD32454560800BCFEBB /* Platform */,
				DBC52DCE2454560800BCFEBB /* Domain */,
				DBC52DD72454560800BCFEBB /* Presentation */,
				DBC1421E2448BA7300A9F3F6 /* AppStart */,
			);
			path = Source;
			sourceTree = "<group>";
		};
		DBC142192448B9FD00A9F3F6 /* Supporting Files */ = {
			isa = PBXGroup;
			children = (
				DBC1421A2448B9FD00A9F3F6 /* Info.plist */,
			);
			path = "Supporting Files";
			sourceTree = "<group>";
		};
		DBC1421E2448BA7300A9F3F6 /* AppStart */ = {
			isa = PBXGroup;
			children = (
				DBC52DFC2454563200BCFEBB /* AppComponent.swift */,
				DB35E283244721DF00B26BD3 /* AppDelegate.swift */,
			);
			path = AppStart;
			sourceTree = "<group>";
		};
		DBC52DCE2454560800BCFEBB /* Domain */ = {
			isa = PBXGroup;
			children = (
				DBC52DCF2454560800BCFEBB /* Translators */,
				DBC52DD02454560800BCFEBB /* Models */,
				DBC52DD12454560800BCFEBB /* UseCases */,
			);
			path = Domain;
			sourceTree = "<group>";
		};
		DBC52DCF2454560800BCFEBB /* Translators */ = {
			isa = PBXGroup;
			children = (
				DB4242DB245C851B0068C6BF /* UserModelTranslator.swift */,
			);
			path = Translators;
			sourceTree = "<group>";
		};
		DBC52DD02454560800BCFEBB /* Models */ = {
			isa = PBXGroup;
			children = (
				DBA43BAA245DCFBA00C82D7E /* UserModelsStream.swift */,
				DB630218246071CD00C47E09 /* UserListPresentableState.swift */,
				DBF7909424854C1D007F6F3B /* UserListSectionModel.swift */,
			);
			path = Models;
			sourceTree = "<group>";
		};
		DBC52DD12454560800BCFEBB /* UseCases */ = {
			isa = PBXGroup;
			children = (
				DBA28BA82455ECFD0071160B /* RandomUserUseCase.swift */,
			);
			path = UseCases;
			sourceTree = "<group>";
		};
		DBC52DD32454560800BCFEBB /* Platform */ = {
			isa = PBXGroup;
			children = (
				DBC52DD62454560800BCFEBB /* Entities */,
				DBC52DD42454560800BCFEBB /* DataSource */,
				DBC52DD52454560800BCFEBB /* Repository */,
			);
			path = Platform;
			sourceTree = "<group>";
		};
		DBC52DD42454560800BCFEBB /* DataSource */ = {
			isa = PBXGroup;
			children = (
				DBDD9AC42454782200DBF510 /* Network */,
			);
			path = DataSource;
			sourceTree = "<group>";
		};
		DBC52DD52454560800BCFEBB /* Repository */ = {
			isa = PBXGroup;
			children = (
				DBA28BA62455D0040071160B /* RandomUserRepository.swift */,
			);
			path = Repository;
			sourceTree = "<group>";
		};
		DBC52DD62454560800BCFEBB /* Entities */ = {
			isa = PBXGroup;
			children = (
				2F8CCABBA7AC704411D50C63 /* RandomUser.swift */,
				DBDD9ACD2454D68F00DBF510 /* Info.swift */,
				DBDD9ACF2454D6A300DBF510 /* User.swift */,
				DBDD9AD12454D6BA00DBF510 /* Dob.swift */,
				2F8CCF2EDD407D3BC80B5385 /* ID.swift */,
				2F8CC340461EAD51A402EBC2 /* Location.swift */,
				2F8CC39FB513FB73FA57C3DB /* Coordinates.swift */,
				2F8CC41BE9BD1D6E92622696 /* Street.swift */,
				2F8CCC11679B3396B4B1AE7B /* Timezone.swift */,
				2F8CC635BBE9F813D0D549F3 /* Login.swift */,
				2F8CC8BFC57F4D47EBF0BFFC /* Name.swift */,
				2F8CC2131D7BE492B33D499D /* Picture.swift */,
			);
			path = Entities;
			sourceTree = "<group>";
		};
		DBC52DD72454560800BCFEBB /* Presentation */ = {
			isa = PBXGroup;
			children = (
				DBEF8B43245F51F500A37587 /* Utilities */,
				DBC52DDE2454560800BCFEBB /* Extensions */,
				DBC52DE32454560800BCFEBB /* Protocols */,
				DBC52DE72454560800BCFEBB /* BaseComponents */,
				DBC52DD82454560800BCFEBB /* Scenes */,
			);
			path = Presentation;
			sourceTree = "<group>";
		};
		DBC52DD82454560800BCFEBB /* Scenes */ = {
			isa = PBXGroup;
			children = (
				DB63021C2461B82200C47E09 /* Views */,
				DB177CBA24A23D5C0050C343 /* UserInformation */,
				DBA43B97245C9BF800C82D7E /* UserCollection */,
				DBA43B96245C9BED00C82D7E /* UserList */,
				DB9C7EF3245C97EC003AB2E7 /* MainTabBar */,
				DBC52DD92454560800BCFEBB /* Root */,
			);
			path = Scenes;
			sourceTree = "<group>";
		};
		DBC52DD92454560800BCFEBB /* Root */ = {
			isa = PBXGroup;
			children = (
				DBC52DDD2454560800BCFEBB /* RootBuilder.swift */,
				DBA43BB9245EF50000C82D7E /* RootComponent+MainTabBar.swift */,
				DBC52DDA2454560800BCFEBB /* RootInteractor.swift */,
				DBC52DDC2454560800BCFEBB /* RootRouter.swift */,
				DBC52DDB2454560800BCFEBB /* RootViewController.swift */,
			);
			path = Root;
			sourceTree = "<group>";
		};
		DBC52DDE2454560800BCFEBB /* Extensions */ = {
			isa = PBXGroup;
			children = (
				DB0B83B624546E5C00FA83D7 /* UIKit+Extensions */,
				DB0B83B524546E4000FA83D7 /* RIBs+Extensions */,
				DBCD8AF22483C28C00A34108 /* Rx+Extensions */,
			);
			path = Extensions;
			sourceTree = "<group>";
		};
		DBC52DE32454560800BCFEBB /* Protocols */ = {
			isa = PBXGroup;
			children = (
				DBC52DE42454560800BCFEBB /* Reusable.swift */,
				DBCD8AFB2483EED800A34108 /* HasTableView.swift */,
				DBCD8AFD2483EF3200A34108 /* HasCollectionView.swift */,
				DBC52DE52454560800BCFEBB /* HasElementKind.swift */,
				DBCD8AF02483C11800A34108 /* HasDisposeBag.swift */,
				DBCD8AEE2483C09400A34108 /* HasCompositeDisposable.swift */,
				DBCD8AF72483CECE00A34108 /* DisposablesManageable.swift */,
				DB70252F24A2644100866A81 /* PullToRefreshable.swift */,
				DB979C4F24D9A0A800E34DE6 /* SkeletonAnimatable.swift */,
			);
			path = Protocols;
			sourceTree = "<group>";
		};
		DBC52DE72454560800BCFEBB /* BaseComponents */ = {
			isa = PBXGroup;
			children = (
				DBC52DEB2454560800BCFEBB /* BaseView.swift */,
				DBC52DE82454560800BCFEBB /* BaseViewController.swift */,
				DBC52DE92454560800BCFEBB /* BaseTableViewCell.swift */,
				DBC52DEA2454560800BCFEBB /* BaseCollectionViewCell.swift */,
			);
			path = BaseComponents;
			sourceTree = "<group>";
		};
		DBCD8AF22483C28C00A34108 /* Rx+Extensions */ = {
			isa = PBXGroup;
			children = (
				DBCD8AF52483C84500A34108 /* DisposableExtensions.swift */,
				DBCD8B3224840A0800A34108 /* UIViewControllerRxExtensions.swift */,
			);
			path = "Rx+Extensions";
			sourceTree = "<group>";
		};
		DBDD9AC42454782200DBF510 /* Network */ = {
			isa = PBXGroup;
			children = (
				DBEB56512455B1420054D41E /* Fixtures */,
				DBA28BA32455B8220071160B /* Services */,
				DBDD9AC52454783200DBF510 /* Networking.swift */,
			);
			path = Network;
			sourceTree = "<group>";
		};
		DBEB56512455B1420054D41E /* Fixtures */ = {
			isa = PBXGroup;
			children = (
				DBEB56522455B15F0054D41E /* RandomUserFixture.swift */,
			);
			path = Fixtures;
			sourceTree = "<group>";
		};
		DBEF8B43245F51F500A37587 /* Utilities */ = {
			isa = PBXGroup;
			children = (
				DBEF8B41245F511E00A37587 /* R.generated.swift */,
				DBDC8DB924604027009C4FF8 /* UIViewPreview.swift */,
				DBDC8DB724604018009C4FF8 /* UIViewControllerPreview.swift */,
			);
			path = Utilities;
			sourceTree = "<group>";
		};
/* End PBXGroup section */

/* Begin PBXNativeTarget section */
		DB35E27F244721DF00B26BD3 /* RIBsReactorKit */ = {
			isa = PBXNativeTarget;
			buildConfigurationList = DB35E2AA244721E000B26BD3 /* Build configuration list for PBXNativeTarget "RIBsReactorKit" */;
			buildPhases = (
				DBEF8B44245F525000A37587 /* R Swift */,
				DBC142182448B99100A9F3F6 /* AckAck */,
				DB0B83B42454627500FA83D7 /* SwifLint */,
				DB35E27C244721DF00B26BD3 /* Sources */,
				DB35E27D244721DF00B26BD3 /* Frameworks */,
				DB35E27E244721DF00B26BD3 /* Resources */,
				DBC141E32448B5F600A9F3F6 /* Carthage */,
				DBBAF05C24D74DC60032B435 /* Carthage debug only */,
			);
			buildRules = (
			);
			dependencies = (
			);
			name = RIBsReactorKit;
			packageProductDependencies = (
				DBC142132448B84500A9F3F6 /* Then */,
			);
			productName = RIBsReactorKit;
			productReference = DB35E280244721DF00B26BD3 /* RIBsReactorKit.app */;
			productType = "com.apple.product-type.application";
		};
		DB35E295244721E000B26BD3 /* RIBsReactorKitTests */ = {
			isa = PBXNativeTarget;
			buildConfigurationList = DB35E2AD244721E000B26BD3 /* Build configuration list for PBXNativeTarget "RIBsReactorKitTests" */;
			buildPhases = (
				DB35E292244721E000B26BD3 /* Sources */,
				DB35E293244721E000B26BD3 /* Frameworks */,
				DB35E294244721E000B26BD3 /* Resources */,
				DBC1420B2448B6F800A9F3F6 /* ShellScript */,
			);
			buildRules = (
			);
			dependencies = (
				DB35E298244721E000B26BD3 /* PBXTargetDependency */,
			);
			name = RIBsReactorKitTests;
			productName = RIBsReactorKitTests;
			productReference = DB35E296244721E000B26BD3 /* RIBsReactorKitTests.xctest */;
			productType = "com.apple.product-type.bundle.unit-test";
		};
		DB35E2A0244721E000B26BD3 /* RIBsReactorKitUITests */ = {
			isa = PBXNativeTarget;
			buildConfigurationList = DB35E2B0244721E000B26BD3 /* Build configuration list for PBXNativeTarget "RIBsReactorKitUITests" */;
			buildPhases = (
				DB35E29D244721E000B26BD3 /* Sources */,
				DB35E29E244721E000B26BD3 /* Frameworks */,
				DB35E29F244721E000B26BD3 /* Resources */,
			);
			buildRules = (
			);
			dependencies = (
				DB35E2A3244721E000B26BD3 /* PBXTargetDependency */,
			);
			name = RIBsReactorKitUITests;
			productName = RIBsReactorKitUITests;
			productReference = DB35E2A1244721E000B26BD3 /* RIBsReactorKitUITests.xctest */;
			productType = "com.apple.product-type.bundle.ui-testing";
		};
/* End PBXNativeTarget section */

/* Begin PBXProject section */
		DB35E278244721DF00B26BD3 /* Project object */ = {
			isa = PBXProject;
			attributes = {
				LastSwiftUpdateCheck = 1130;
				LastUpgradeCheck = 1130;
				ORGANIZATIONNAME = Elon;
				TargetAttributes = {
					DB35E27F244721DF00B26BD3 = {
						CreatedOnToolsVersion = 11.3.1;
					};
					DB35E295244721E000B26BD3 = {
						CreatedOnToolsVersion = 11.3.1;
						TestTargetID = DB35E27F244721DF00B26BD3;
					};
					DB35E2A0244721E000B26BD3 = {
						CreatedOnToolsVersion = 11.3.1;
						TestTargetID = DB35E27F244721DF00B26BD3;
					};
				};
			};
			buildConfigurationList = DB35E27B244721DF00B26BD3 /* Build configuration list for PBXProject "RIBsReactorKit" */;
			compatibilityVersion = "Xcode 9.3";
			developmentRegion = en;
			hasScannedForEncodings = 0;
			knownRegions = (
				en,
				Base,
			);
			mainGroup = DB35E277244721DF00B26BD3;
			packageReferences = (
				DBC142122448B84500A9F3F6 /* XCRemoteSwiftPackageReference "Then" */,
			);
			productRefGroup = DB35E281244721DF00B26BD3 /* Products */;
			projectDirPath = "";
			projectRoot = "";
			targets = (
				DB35E27F244721DF00B26BD3 /* RIBsReactorKit */,
				DB35E295244721E000B26BD3 /* RIBsReactorKitTests */,
				DB35E2A0244721E000B26BD3 /* RIBsReactorKitUITests */,
			);
		};
/* End PBXProject section */

/* Begin PBXResourcesBuildPhase section */
		DB35E27E244721DF00B26BD3 /* Resources */ = {
			isa = PBXResourcesBuildPhase;
			buildActionMask = 2147483647;
			files = (
				DBC1421D2448BA0B00A9F3F6 /* Settings.bundle in Resources */,
				DB35E290244721E000B26BD3 /* LaunchScreen.storyboard in Resources */,
				DB35E28D244721E000B26BD3 /* Assets.xcassets in Resources */,
			);
			runOnlyForDeploymentPostprocessing = 0;
		};
		DB35E294244721E000B26BD3 /* Resources */ = {
			isa = PBXResourcesBuildPhase;
			buildActionMask = 2147483647;
			files = (
			);
			runOnlyForDeploymentPostprocessing = 0;
		};
		DB35E29F244721E000B26BD3 /* Resources */ = {
			isa = PBXResourcesBuildPhase;
			buildActionMask = 2147483647;
			files = (
			);
			runOnlyForDeploymentPostprocessing = 0;
		};
/* End PBXResourcesBuildPhase section */

/* Begin PBXShellScriptBuildPhase section */
		DB0B83B42454627500FA83D7 /* SwifLint */ = {
			isa = PBXShellScriptBuildPhase;
			buildActionMask = 2147483647;
			files = (
			);
			inputFileListPaths = (
			);
			inputPaths = (
			);
			name = SwifLint;
			outputFileListPaths = (
			);
			outputPaths = (
			);
			runOnlyForDeploymentPostprocessing = 0;
			shellPath = /bin/sh;
			shellScript = "if which swiftlint >/dev/null; then\n  swiftlint\nelse\n  echo \"warning: SwiftLint not installed, download from https://github.com/realm/SwiftLint\"\nfi\n";
		};
		DBBAF05C24D74DC60032B435 /* Carthage debug only */ = {
			isa = PBXShellScriptBuildPhase;
			buildActionMask = 2147483647;
			files = (
			);
			inputFileListPaths = (
				"$(SRCROOT)/Carthage/xcfilelist/debug_input.xcfilelist",
			);
			inputPaths = (
			);
			name = "Carthage debug only";
			outputFileListPaths = (
				"$(SRCROOT)/Carthage/xcfilelist/debug_output.xcfilelist",
			);
			outputPaths = (
			);
			runOnlyForDeploymentPostprocessing = 0;
			shellPath = /bin/sh;
			shellScript = "if [ ${CONFIGURATION%%-*} == \"Debug\" ]; then\n  /usr/local/bin/carthage copy-frameworks\nfi\n";
		};
		DBC141E32448B5F600A9F3F6 /* Carthage */ = {
			isa = PBXShellScriptBuildPhase;
			buildActionMask = 2147483647;
			files = (
			);
			inputFileListPaths = (
				"$(SRCROOT)/Carthage/xcfilelist/input.xcfilelist",
			);
			inputPaths = (
			);
			name = Carthage;
			outputFileListPaths = (
				"$(SRCROOT)/Carthage/xcfilelist/output.xcfilelist",
			);
			outputPaths = (
			);
			runOnlyForDeploymentPostprocessing = 0;
			shellPath = /bin/sh;
			shellScript = "/usr/local/bin/carthage copy-frameworks\n";
		};
		DBC1420B2448B6F800A9F3F6 /* ShellScript */ = {
			isa = PBXShellScriptBuildPhase;
			buildActionMask = 2147483647;
			files = (
			);
			inputFileListPaths = (
				"$(SRCROOT)/xcfilelist/test_input.xcfilelist",
			);
			inputPaths = (
			);
			outputFileListPaths = (
				"$(SRCROOT)/xcfilelist/test_output.xcfilelist",
			);
			outputPaths = (
			);
			runOnlyForDeploymentPostprocessing = 0;
			shellPath = /bin/sh;
			shellScript = "/usr/local/bin/carthage copy-frameworks\n";
		};
		DBC142182448B99100A9F3F6 /* AckAck */ = {
			isa = PBXShellScriptBuildPhase;
			buildActionMask = 2147483647;
			files = (
			);
			inputFileListPaths = (
			);
			inputPaths = (
			);
			name = AckAck;
			outputFileListPaths = (
			);
			outputPaths = (
			);
			runOnlyForDeploymentPostprocessing = 0;
			shellPath = /bin/sh;
			shellScript = "$SRCROOT/Scripts/AckAck/ackack.py\n";
		};
		DBEF8B44245F525000A37587 /* R Swift */ = {
			isa = PBXShellScriptBuildPhase;
			buildActionMask = 2147483647;
			files = (
			);
			inputFileListPaths = (
			);
			inputPaths = (
				"",
				"$TEMP_DIR/rswift-lastrun",
			);
			name = "R Swift";
			outputFileListPaths = (
			);
			outputPaths = (
				$SRCROOT/RIBsReactorKit/Source/Presentation/Utilities/R.generated.swift,
			);
			runOnlyForDeploymentPostprocessing = 0;
			shellPath = /bin/sh;
			shellScript = "rswift generate \"$SRCROOT/RIBsReactorKit/Source/Presentation/Utilities/R.generated.swift\"\n";
		};
/* End PBXShellScriptBuildPhase section */

/* Begin PBXSourcesBuildPhase section */
		DB35E27C244721DF00B26BD3 /* Sources */ = {
			isa = PBXSourcesBuildPhase;
			buildActionMask = 2147483647;
			files = (
				DBCD8B3324840A0800A34108 /* UIViewControllerRxExtensions.swift in Sources */,
				DBA28BA72455D0040071160B /* RandomUserRepository.swift in Sources */,
				DBC52DF22454560800BCFEBB /* UICollectionViewExtensions.swift in Sources */,
				DB177CC024A23D7C0050C343 /* UserInfomationViewController.swift in Sources */,
				DBC52DF52454560800BCFEBB /* Reusable.swift in Sources */,
				DBA43BA6245C9CA700C82D7E /* UserCollectionBuilder.swift in Sources */,
				DBC52DF12454560800BCFEBB /* UITableViewExtensions.swift in Sources */,
				DB177CC224A23D7C0050C343 /* UserInfomationInteractor.swift in Sources */,
				DBC52DFB2454560800BCFEBB /* BaseView.swift in Sources */,
				DBA43B9E245C9C2100C82D7E /* UserListBuilder.swift in Sources */,
				DBDD9AD02454D6A300DBF510 /* User.swift in Sources */,
				DBC52DED2454560800BCFEBB /* RootInteractor.swift in Sources */,
				DBC52DFD2454563200BCFEBB /* AppComponent.swift in Sources */,
				DBCD8AF62483C84500A34108 /* DisposableExtensions.swift in Sources */,
				DBDD9ACE2454D68F00DBF510 /* Info.swift in Sources */,
				DBA43B9C245C9C2100C82D7E /* UserListRouter.swift in Sources */,
				DBC52DEF2454560800BCFEBB /* RootRouter.swift in Sources */,
				DBCD8AFE2483EF3200A34108 /* HasCollectionView.swift in Sources */,
				DB177CBF24A23D7C0050C343 /* UserInfomationRouter.swift in Sources */,
				DBDD9AD22454D6BA00DBF510 /* Dob.swift in Sources */,
				DB5B7ACB245C800E00DC33D3 /* Networking.swift in Sources */,
				DBCD8AFC2483EED800A34108 /* HasTableView.swift in Sources */,
				DBC52DF82454560800BCFEBB /* BaseViewController.swift in Sources */,
				DB630219246071CD00C47E09 /* UserListPresentableState.swift in Sources */,
				DB979C5024D9A0A800E34DE6 /* SkeletonAnimatable.swift in Sources */,
				DBC52DF32454560800BCFEBB /* UINavigationControllerExtensions.swift in Sources */,
				DBC52DF62454560800BCFEBB /* HasElementKind.swift in Sources */,
				DB4242DC245C851B0068C6BF /* UserModelTranslator.swift in Sources */,
				DBC52DFA2454560800BCFEBB /* BaseCollectionViewCell.swift in Sources */,
				DBA43BA7245C9CA700C82D7E /* UserCollectionInteractor.swift in Sources */,
				DBDC8DBA24604027009C4FF8 /* UIViewPreview.swift in Sources */,
				DBCD8AF82483CECE00A34108 /* DisposablesManageable.swift in Sources */,
				DB177CC424A2477F0050C343 /* UserInfomationAdapter.swift in Sources */,
				DBA43BAB245DCFBA00C82D7E /* UserModelsStream.swift in Sources */,
				DBC52DEE2454560800BCFEBB /* RootViewController.swift in Sources */,
				DB35E284244721DF00B26BD3 /* AppDelegate.swift in Sources */,
				DB35FABA248D4D8700416963 /* ArrayExtensions.swift in Sources */,
				DBC52DF92454560800BCFEBB /* BaseTableViewCell.swift in Sources */,
				DBCD8AF12483C11800A34108 /* HasDisposeBag.swift in Sources */,
				DBDC8DB824604018009C4FF8 /* UIViewControllerPreview.swift in Sources */,
				DBF7909524854C1D007F6F3B /* UserListSectionModel.swift in Sources */,
				DB63021B2460856C00C47E09 /* ViewControllableExtensions.swift in Sources */,
				DBA43B93245C9B6400C82D7E /* MainTabBarViewController.swift in Sources */,
				DBC52DF02454560800BCFEBB /* RootBuilder.swift in Sources */,
				DBEF8B42245F511E00A37587 /* R.generated.swift in Sources */,
				2F8CC3DF8C8CBBFAEAFAFF77 /* ID.swift in Sources */,
				DBA43BA4245C9CA700C82D7E /* UserCollectionRouter.swift in Sources */,
				DBA43B9D245C9C2100C82D7E /* UserListViewController.swift in Sources */,
				2F8CC7732D37533292D8F598 /* RandomUser.swift in Sources */,
				2F8CC1354EA8D8ECC74D97DD /* Location.swift in Sources */,
				DBA43BBA245EF50000C82D7E /* RootComponent+MainTabBar.swift in Sources */,
				DBEB56502455AB4E0054D41E /* RandomUserService.swift in Sources */,
				DBEB56532455B15F0054D41E /* RandomUserFixture.swift in Sources */,
				DB63021E2461B85F00C47E09 /* UserListCell.swift in Sources */,
				DBEF8B34245F054100A37587 /* MainTabBarComponent+UserList.swift in Sources */,
				DBEF8B36245F055700A37587 /* MainTabBarComponent+UserCollection.swift in Sources */,
				DBA43B9F245C9C2100C82D7E /* UserListInteractor.swift in Sources */,
				DB177CC124A23D7C0050C343 /* UserInfomationBuilder.swift in Sources */,
				DBCD8AEF2483C09400A34108 /* HasCompositeDisposable.swift in Sources */,
				2F8CC1CD9159BF337376D20A /* Coordinates.swift in Sources */,
				DBA43B94245C9B6400C82D7E /* MainTabBarBuilder.swift in Sources */,
				DBA43BA5245C9CA700C82D7E /* UserCollectionViewController.swift in Sources */,
				DB70253024A2644100866A81 /* PullToRefreshable.swift in Sources */,
				2F8CC81A19C9D12A4373BD26 /* Street.swift in Sources */,
				DBA28BA92455ECFD0071160B /* RandomUserUseCase.swift in Sources */,
				2F8CC75D8643D497469F2A8E /* Timezone.swift in Sources */,
				DBA43B95245C9B6400C82D7E /* MainTabBarInteractor.swift in Sources */,
				2F8CC9758B5BDBE9958AD2BA /* Login.swift in Sources */,
				2F8CC9F999E5E2D8B17C6242 /* Name.swift in Sources */,
				DBA43B92245C9B6400C82D7E /* MainTabBarRouter.swift in Sources */,
				2F8CCB2C832787ED3CC6FB03 /* Picture.swift in Sources */,
				2F8CCBF4F330D66609862007 /* UserProfileCell.swift in Sources */,
				2F8CC9D4CF076149713337C3 /* BlurEffectImageView.swift in Sources */,
			);
			runOnlyForDeploymentPostprocessing = 0;
		};
		DB35E292244721E000B26BD3 /* Sources */ = {
			isa = PBXSourcesBuildPhase;
			buildActionMask = 2147483647;
			files = (
				DB35E29B244721E000B26BD3 /* RIBsReactorKitTests.swift in Sources */,
			);
			runOnlyForDeploymentPostprocessing = 0;
		};
		DB35E29D244721E000B26BD3 /* Sources */ = {
			isa = PBXSourcesBuildPhase;
			buildActionMask = 2147483647;
			files = (
				DB35E2A6244721E000B26BD3 /* RIBsReactorKitUITests.swift in Sources */,
			);
			runOnlyForDeploymentPostprocessing = 0;
		};
/* End PBXSourcesBuildPhase section */

/* Begin PBXTargetDependency section */
		DB35E298244721E000B26BD3 /* PBXTargetDependency */ = {
			isa = PBXTargetDependency;
			target = DB35E27F244721DF00B26BD3 /* RIBsReactorKit */;
			targetProxy = DB35E297244721E000B26BD3 /* PBXContainerItemProxy */;
		};
		DB35E2A3244721E000B26BD3 /* PBXTargetDependency */ = {
			isa = PBXTargetDependency;
			target = DB35E27F244721DF00B26BD3 /* RIBsReactorKit */;
			targetProxy = DB35E2A2244721E000B26BD3 /* PBXContainerItemProxy */;
		};
/* End PBXTargetDependency section */

/* Begin PBXVariantGroup section */
		DB35E28E244721E000B26BD3 /* LaunchScreen.storyboard */ = {
			isa = PBXVariantGroup;
			children = (
				DB35E28F244721E000B26BD3 /* Base */,
			);
			name = LaunchScreen.storyboard;
			sourceTree = "<group>";
		};
/* End PBXVariantGroup section */

/* Begin XCBuildConfiguration section */
		DB35E2A8244721E000B26BD3 /* Debug */ = {
			isa = XCBuildConfiguration;
			buildSettings = {
				ALWAYS_SEARCH_USER_PATHS = NO;
				CLANG_ANALYZER_NONNULL = YES;
				CLANG_ANALYZER_NUMBER_OBJECT_CONVERSION = YES_AGGRESSIVE;
				CLANG_CXX_LANGUAGE_STANDARD = "gnu++14";
				CLANG_CXX_LIBRARY = "libc++";
				CLANG_ENABLE_MODULES = YES;
				CLANG_ENABLE_OBJC_ARC = YES;
				CLANG_ENABLE_OBJC_WEAK = YES;
				CLANG_WARN_BLOCK_CAPTURE_AUTORELEASING = YES;
				CLANG_WARN_BOOL_CONVERSION = YES;
				CLANG_WARN_COMMA = YES;
				CLANG_WARN_CONSTANT_CONVERSION = YES;
				CLANG_WARN_DEPRECATED_OBJC_IMPLEMENTATIONS = YES;
				CLANG_WARN_DIRECT_OBJC_ISA_USAGE = YES_ERROR;
				CLANG_WARN_DOCUMENTATION_COMMENTS = YES;
				CLANG_WARN_EMPTY_BODY = YES;
				CLANG_WARN_ENUM_CONVERSION = YES;
				CLANG_WARN_INFINITE_RECURSION = YES;
				CLANG_WARN_INT_CONVERSION = YES;
				CLANG_WARN_NON_LITERAL_NULL_CONVERSION = YES;
				CLANG_WARN_OBJC_IMPLICIT_RETAIN_SELF = YES;
				CLANG_WARN_OBJC_LITERAL_CONVERSION = YES;
				CLANG_WARN_OBJC_ROOT_CLASS = YES_ERROR;
				CLANG_WARN_RANGE_LOOP_ANALYSIS = YES;
				CLANG_WARN_STRICT_PROTOTYPES = YES;
				CLANG_WARN_SUSPICIOUS_MOVE = YES;
				CLANG_WARN_UNGUARDED_AVAILABILITY = YES_AGGRESSIVE;
				CLANG_WARN_UNREACHABLE_CODE = YES;
				CLANG_WARN__DUPLICATE_METHOD_MATCH = YES;
				COPY_PHASE_STRIP = NO;
				DEBUG_INFORMATION_FORMAT = dwarf;
				ENABLE_STRICT_OBJC_MSGSEND = YES;
				ENABLE_TESTABILITY = YES;
				GCC_C_LANGUAGE_STANDARD = gnu11;
				GCC_DYNAMIC_NO_PIC = NO;
				GCC_NO_COMMON_BLOCKS = YES;
				GCC_OPTIMIZATION_LEVEL = 0;
				GCC_PREPROCESSOR_DEFINITIONS = (
					"DEBUG=1",
					"$(inherited)",
				);
				GCC_WARN_64_TO_32_BIT_CONVERSION = YES;
				GCC_WARN_ABOUT_RETURN_TYPE = YES_ERROR;
				GCC_WARN_UNDECLARED_SELECTOR = YES;
				GCC_WARN_UNINITIALIZED_AUTOS = YES_AGGRESSIVE;
				GCC_WARN_UNUSED_FUNCTION = YES;
				GCC_WARN_UNUSED_VARIABLE = YES;
				IPHONEOS_DEPLOYMENT_TARGET = 12.0;
				MTL_ENABLE_DEBUG_INFO = INCLUDE_SOURCE;
				MTL_FAST_MATH = YES;
				ONLY_ACTIVE_ARCH = YES;
				SDKROOT = iphoneos;
				SWIFT_ACTIVE_COMPILATION_CONDITIONS = DEBUG;
				SWIFT_OPTIMIZATION_LEVEL = "-Onone";
			};
			name = Debug;
		};
		DB35E2A9244721E000B26BD3 /* Release */ = {
			isa = XCBuildConfiguration;
			buildSettings = {
				ALWAYS_SEARCH_USER_PATHS = NO;
				CLANG_ANALYZER_NONNULL = YES;
				CLANG_ANALYZER_NUMBER_OBJECT_CONVERSION = YES_AGGRESSIVE;
				CLANG_CXX_LANGUAGE_STANDARD = "gnu++14";
				CLANG_CXX_LIBRARY = "libc++";
				CLANG_ENABLE_MODULES = YES;
				CLANG_ENABLE_OBJC_ARC = YES;
				CLANG_ENABLE_OBJC_WEAK = YES;
				CLANG_WARN_BLOCK_CAPTURE_AUTORELEASING = YES;
				CLANG_WARN_BOOL_CONVERSION = YES;
				CLANG_WARN_COMMA = YES;
				CLANG_WARN_CONSTANT_CONVERSION = YES;
				CLANG_WARN_DEPRECATED_OBJC_IMPLEMENTATIONS = YES;
				CLANG_WARN_DIRECT_OBJC_ISA_USAGE = YES_ERROR;
				CLANG_WARN_DOCUMENTATION_COMMENTS = YES;
				CLANG_WARN_EMPTY_BODY = YES;
				CLANG_WARN_ENUM_CONVERSION = YES;
				CLANG_WARN_INFINITE_RECURSION = YES;
				CLANG_WARN_INT_CONVERSION = YES;
				CLANG_WARN_NON_LITERAL_NULL_CONVERSION = YES;
				CLANG_WARN_OBJC_IMPLICIT_RETAIN_SELF = YES;
				CLANG_WARN_OBJC_LITERAL_CONVERSION = YES;
				CLANG_WARN_OBJC_ROOT_CLASS = YES_ERROR;
				CLANG_WARN_RANGE_LOOP_ANALYSIS = YES;
				CLANG_WARN_STRICT_PROTOTYPES = YES;
				CLANG_WARN_SUSPICIOUS_MOVE = YES;
				CLANG_WARN_UNGUARDED_AVAILABILITY = YES_AGGRESSIVE;
				CLANG_WARN_UNREACHABLE_CODE = YES;
				CLANG_WARN__DUPLICATE_METHOD_MATCH = YES;
				COPY_PHASE_STRIP = NO;
				DEBUG_INFORMATION_FORMAT = "dwarf-with-dsym";
				ENABLE_NS_ASSERTIONS = NO;
				ENABLE_STRICT_OBJC_MSGSEND = YES;
				GCC_C_LANGUAGE_STANDARD = gnu11;
				GCC_NO_COMMON_BLOCKS = YES;
				GCC_WARN_64_TO_32_BIT_CONVERSION = YES;
				GCC_WARN_ABOUT_RETURN_TYPE = YES_ERROR;
				GCC_WARN_UNDECLARED_SELECTOR = YES;
				GCC_WARN_UNINITIALIZED_AUTOS = YES_AGGRESSIVE;
				GCC_WARN_UNUSED_FUNCTION = YES;
				GCC_WARN_UNUSED_VARIABLE = YES;
				IPHONEOS_DEPLOYMENT_TARGET = 12.0;
				MTL_ENABLE_DEBUG_INFO = NO;
				MTL_FAST_MATH = YES;
				SDKROOT = iphoneos;
				SWIFT_COMPILATION_MODE = wholemodule;
				SWIFT_OPTIMIZATION_LEVEL = "-O";
				VALIDATE_PRODUCT = YES;
			};
			name = Release;
		};
		DB35E2AB244721E000B26BD3 /* Debug */ = {
			isa = XCBuildConfiguration;
			buildSettings = {
				ASSETCATALOG_COMPILER_APPICON_NAME = AppIcon;
				CODE_SIGN_STYLE = Automatic;
				DEVELOPMENT_TEAM = M77W68G9P5;
				FRAMEWORK_SEARCH_PATHS = (
					"$(inherited)",
					"$(PROJECT_DIR)/Carthage/Build/iOS",
				);
				INFOPLIST_FILE = "RIBsReactorKit/Resource/Supporting Files/Info.plist";
				LD_RUNPATH_SEARCH_PATHS = (
					"$(inherited)",
					"@executable_path/Frameworks",
				);
				MARKETING_VERSION = 1.0.0;
				PRODUCT_BUNDLE_IDENTIFIER = com.elonparks.RIBsReactorKit;
				PRODUCT_NAME = "$(TARGET_NAME)";
				SWIFT_VERSION = 5.0;
				TARGETED_DEVICE_FAMILY = 1;
			};
			name = Debug;
		};
		DB35E2AC244721E000B26BD3 /* Release */ = {
			isa = XCBuildConfiguration;
			buildSettings = {
				ASSETCATALOG_COMPILER_APPICON_NAME = AppIcon;
				CODE_SIGN_STYLE = Automatic;
				DEVELOPMENT_TEAM = M77W68G9P5;
				FRAMEWORK_SEARCH_PATHS = (
					"$(inherited)",
					"$(PROJECT_DIR)/Carthage/Build/iOS",
				);
				INFOPLIST_FILE = "RIBsReactorKit/Resource/Supporting Files/Info.plist";
				LD_RUNPATH_SEARCH_PATHS = (
					"$(inherited)",
					"@executable_path/Frameworks",
				);
				MARKETING_VERSION = 1.0.0;
				PRODUCT_BUNDLE_IDENTIFIER = com.elonparks.RIBsReactorKit;
				PRODUCT_NAME = "$(TARGET_NAME)";
				SWIFT_VERSION = 5.0;
				TARGETED_DEVICE_FAMILY = 1;
			};
			name = Release;
		};
		DB35E2AE244721E000B26BD3 /* Debug */ = {
			isa = XCBuildConfiguration;
			buildSettings = {
				ALWAYS_EMBED_SWIFT_STANDARD_LIBRARIES = YES;
				BUNDLE_LOADER = "$(TEST_HOST)";
				CODE_SIGN_STYLE = Automatic;
				DEVELOPMENT_TEAM = M77W68G9P5;
				FRAMEWORK_SEARCH_PATHS = (
					"$(inherited)",
					"$(PROJECT_DIR)/Carthage/Build/iOS",
				);
				INFOPLIST_FILE = RIBsReactorKitTests/Info.plist;
				IPHONEOS_DEPLOYMENT_TARGET = 13.2;
				LD_RUNPATH_SEARCH_PATHS = (
					"$(inherited)",
					"@executable_path/Frameworks",
					"@loader_path/Frameworks",
				);
				PRODUCT_BUNDLE_IDENTIFIER = com.elonparks.RIBsReactorKitTests;
				PRODUCT_NAME = "$(TARGET_NAME)";
				SWIFT_VERSION = 5.0;
				TARGETED_DEVICE_FAMILY = "1,2";
				TEST_HOST = "$(BUILT_PRODUCTS_DIR)/RIBsReactorKit.app/RIBsReactorKit";
			};
			name = Debug;
		};
		DB35E2AF244721E000B26BD3 /* Release */ = {
			isa = XCBuildConfiguration;
			buildSettings = {
				ALWAYS_EMBED_SWIFT_STANDARD_LIBRARIES = YES;
				BUNDLE_LOADER = "$(TEST_HOST)";
				CODE_SIGN_STYLE = Automatic;
				DEVELOPMENT_TEAM = M77W68G9P5;
				FRAMEWORK_SEARCH_PATHS = (
					"$(inherited)",
					"$(PROJECT_DIR)/Carthage/Build/iOS",
				);
				INFOPLIST_FILE = RIBsReactorKitTests/Info.plist;
				IPHONEOS_DEPLOYMENT_TARGET = 13.2;
				LD_RUNPATH_SEARCH_PATHS = (
					"$(inherited)",
					"@executable_path/Frameworks",
					"@loader_path/Frameworks",
				);
				PRODUCT_BUNDLE_IDENTIFIER = com.elonparks.RIBsReactorKitTests;
				PRODUCT_NAME = "$(TARGET_NAME)";
				SWIFT_VERSION = 5.0;
				TARGETED_DEVICE_FAMILY = "1,2";
				TEST_HOST = "$(BUILT_PRODUCTS_DIR)/RIBsReactorKit.app/RIBsReactorKit";
			};
			name = Release;
		};
		DB35E2B1244721E000B26BD3 /* Debug */ = {
			isa = XCBuildConfiguration;
			buildSettings = {
				ALWAYS_EMBED_SWIFT_STANDARD_LIBRARIES = YES;
				CODE_SIGN_STYLE = Automatic;
				DEVELOPMENT_TEAM = M77W68G9P5;
				INFOPLIST_FILE = RIBsReactorKitUITests/Info.plist;
				LD_RUNPATH_SEARCH_PATHS = (
					"$(inherited)",
					"@executable_path/Frameworks",
					"@loader_path/Frameworks",
				);
				PRODUCT_BUNDLE_IDENTIFIER = com.elonparks.RIBsReactorKitUITests;
				PRODUCT_NAME = "$(TARGET_NAME)";
				SWIFT_VERSION = 5.0;
				TARGETED_DEVICE_FAMILY = "1,2";
				TEST_TARGET_NAME = RIBsReactorKit;
			};
			name = Debug;
		};
		DB35E2B2244721E000B26BD3 /* Release */ = {
			isa = XCBuildConfiguration;
			buildSettings = {
				ALWAYS_EMBED_SWIFT_STANDARD_LIBRARIES = YES;
				CODE_SIGN_STYLE = Automatic;
				DEVELOPMENT_TEAM = M77W68G9P5;
				INFOPLIST_FILE = RIBsReactorKitUITests/Info.plist;
				LD_RUNPATH_SEARCH_PATHS = (
					"$(inherited)",
					"@executable_path/Frameworks",
					"@loader_path/Frameworks",
				);
				PRODUCT_BUNDLE_IDENTIFIER = com.elonparks.RIBsReactorKitUITests;
				PRODUCT_NAME = "$(TARGET_NAME)";
				SWIFT_VERSION = 5.0;
				TARGETED_DEVICE_FAMILY = "1,2";
				TEST_TARGET_NAME = RIBsReactorKit;
			};
			name = Release;
		};
/* End XCBuildConfiguration section */

/* Begin XCConfigurationList section */
		DB35E27B244721DF00B26BD3 /* Build configuration list for PBXProject "RIBsReactorKit" */ = {
			isa = XCConfigurationList;
			buildConfigurations = (
				DB35E2A8244721E000B26BD3 /* Debug */,
				DB35E2A9244721E000B26BD3 /* Release */,
			);
			defaultConfigurationIsVisible = 0;
			defaultConfigurationName = Release;
		};
		DB35E2AA244721E000B26BD3 /* Build configuration list for PBXNativeTarget "RIBsReactorKit" */ = {
			isa = XCConfigurationList;
			buildConfigurations = (
				DB35E2AB244721E000B26BD3 /* Debug */,
				DB35E2AC244721E000B26BD3 /* Release */,
			);
			defaultConfigurationIsVisible = 0;
			defaultConfigurationName = Release;
		};
		DB35E2AD244721E000B26BD3 /* Build configuration list for PBXNativeTarget "RIBsReactorKitTests" */ = {
			isa = XCConfigurationList;
			buildConfigurations = (
				DB35E2AE244721E000B26BD3 /* Debug */,
				DB35E2AF244721E000B26BD3 /* Release */,
			);
			defaultConfigurationIsVisible = 0;
			defaultConfigurationName = Release;
		};
		DB35E2B0244721E000B26BD3 /* Build configuration list for PBXNativeTarget "RIBsReactorKitUITests" */ = {
			isa = XCConfigurationList;
			buildConfigurations = (
				DB35E2B1244721E000B26BD3 /* Debug */,
				DB35E2B2244721E000B26BD3 /* Release */,
			);
			defaultConfigurationIsVisible = 0;
			defaultConfigurationName = Release;
		};
/* End XCConfigurationList section */

/* Begin XCRemoteSwiftPackageReference section */
		DBC142122448B84500A9F3F6 /* XCRemoteSwiftPackageReference "Then" */ = {
			isa = XCRemoteSwiftPackageReference;
			repositoryURL = "https://github.com/devxoul/Then";
			requirement = {
				kind = upToNextMajorVersion;
				minimumVersion = 2.6.0;
			};
		};
/* End XCRemoteSwiftPackageReference section */

/* Begin XCSwiftPackageProductDependency section */
		DBC142132448B84500A9F3F6 /* Then */ = {
			isa = XCSwiftPackageProductDependency;
			package = DBC142122448B84500A9F3F6 /* XCRemoteSwiftPackageReference "Then" */;
			productName = Then;
		};
/* End XCSwiftPackageProductDependency section */
	};
	rootObject = DB35E278244721DF00B26BD3 /* Project object */;
}
