// !$*UTF8*$!
{
	archiveVersion = 1;
	classes = {
	};
	objectVersion = 52;
	objects = {

/* Begin PBXBuildFile section */
		DB2059DA2649223E008E9ED4 /* ReactorKitRuntime.h in Headers */ = {isa = PBXBuildFile; fileRef = DB2059D92649223E008E9ED4 /* ReactorKitRuntime.h */; settings = {ATTRIBUTES = (Public, ); }; };
		DB9041D425909B1E00305C9A /* ReactorKit.h in Headers */ = {isa = PBXBuildFile; fileRef = DB9041D325909B1E00305C9A /* ReactorKit.h */; settings = {ATTRIBUTES = (Public, ); }; };
		DB9041E725909E5D00305C9A /* ReactorKitRuntime.m in Sources */ = {isa = PBXBuildFile; fileRef = DB9041DB25909E5D00305C9A /* ReactorKitRuntime.m */; };
		DB9041E925909E5D00305C9A /* View.swift in Sources */ = {isa = PBXBuildFile; fileRef = DB9041DE25909E5D00305C9A /* View.swift */; };
		DB9041EA25909E5D00305C9A /* StateRelay.swift in Sources */ = {isa = PBXBuildFile; fileRef = DB9041DF25909E5D00305C9A /* StateRelay.swift */; };
		DB9041EB25909E5D00305C9A /* StoryboardView.swift in Sources */ = {isa = PBXBuildFile; fileRef = DB9041E025909E5D00305C9A /* StoryboardView.swift */; };
		DB9041EC25909E5D00305C9A /* ActionSubject.swift in Sources */ = {isa = PBXBuildFile; fileRef = DB9041E125909E5D00305C9A /* ActionSubject.swift */; };
		DB9041ED25909E5D00305C9A /* Reactor.swift in Sources */ = {isa = PBXBuildFile; fileRef = DB9041E225909E5D00305C9A /* Reactor.swift */; };
		DB9041EE25909E5D00305C9A /* Stub.swift in Sources */ = {isa = PBXBuildFile; fileRef = DB9041E325909E5D00305C9A /* Stub.swift */; };
		DB9041EF25909E5D00305C9A /* Exports.swift in Sources */ = {isa = PBXBuildFile; fileRef = DB9041E425909E5D00305C9A /* Exports.swift */; };
		DB9041F025909E5D00305C9A /* IdentityHashable.swift in Sources */ = {isa = PBXBuildFile; fileRef = DB9041E525909E5D00305C9A /* IdentityHashable.swift */; };
		DB9041F125909E5D00305C9A /* IdentityEquatable.swift in Sources */ = {isa = PBXBuildFile; fileRef = DB9041E625909E5D00305C9A /* IdentityEquatable.swift */; };
		DBA6778A26C2CDDA00F13983 /* RxSwift.xcframework in Frameworks */ = {isa = PBXBuildFile; fileRef = DBA6778926C2CDDA00F13983 /* RxSwift.xcframework */; };
		DBA6778E26C2CDE200F13983 /* WeakMapTable.xcframework in Frameworks */ = {isa = PBXBuildFile; fileRef = DBA6778D26C2CDE200F13983 /* WeakMapTable.xcframework */; };
/* End PBXBuildFile section */

/* Begin PBXFileReference section */
		DB2059D92649223E008E9ED4 /* ReactorKitRuntime.h */ = {isa = PBXFileReference; fileEncoding = 4; lastKnownFileType = sourcecode.c.h; path = ReactorKitRuntime.h; sourceTree = "<group>"; };
		DB76F3FB258E78CA00DD1761 /* ReactorKit.framework */ = {isa = PBXFileReference; explicitFileType = wrapper.framework; includeInIndex = 0; path = ReactorKit.framework; sourceTree = BUILT_PRODUCTS_DIR; };
		DB76F3FF258E78CA00DD1761 /* Info.plist */ = {isa = PBXFileReference; lastKnownFileType = text.plist.xml; path = Info.plist; sourceTree = "<group>"; };
		DB76F480258E83A100DD1761 /* RxSwift.framework */ = {isa = PBXFileReference; lastKnownFileType = wrapper.framework; name = RxSwift.framework; path = Carthage/Build/iOS/RxSwift.framework; sourceTree = "<group>"; };
		DB76F493258E862E00DD1761 /* WeakMapTable.framework */ = {isa = PBXFileReference; lastKnownFileType = wrapper.framework; name = WeakMapTable.framework; path = Carthage/Build/iOS/WeakMapTable.framework; sourceTree = "<group>"; };
		DB9041D325909B1E00305C9A /* ReactorKit.h */ = {isa = PBXFileReference; fileEncoding = 4; lastKnownFileType = sourcecode.c.h; path = ReactorKit.h; sourceTree = "<group>"; };
		DB9041DB25909E5D00305C9A /* ReactorKitRuntime.m */ = {isa = PBXFileReference; fileEncoding = 4; lastKnownFileType = sourcecode.c.objc; path = ReactorKitRuntime.m; sourceTree = "<group>"; };
		DB9041DE25909E5D00305C9A /* View.swift */ = {isa = PBXFileReference; fileEncoding = 4; lastKnownFileType = sourcecode.swift; path = View.swift; sourceTree = "<group>"; };
		DB9041DF25909E5D00305C9A /* StateRelay.swift */ = {isa = PBXFileReference; fileEncoding = 4; lastKnownFileType = sourcecode.swift; path = StateRelay.swift; sourceTree = "<group>"; };
		DB9041E025909E5D00305C9A /* StoryboardView.swift */ = {isa = PBXFileReference; fileEncoding = 4; lastKnownFileType = sourcecode.swift; path = StoryboardView.swift; sourceTree = "<group>"; };
		DB9041E125909E5D00305C9A /* ActionSubject.swift */ = {isa = PBXFileReference; fileEncoding = 4; lastKnownFileType = sourcecode.swift; path = ActionSubject.swift; sourceTree = "<group>"; };
		DB9041E225909E5D00305C9A /* Reactor.swift */ = {isa = PBXFileReference; fileEncoding = 4; lastKnownFileType = sourcecode.swift; path = Reactor.swift; sourceTree = "<group>"; };
		DB9041E325909E5D00305C9A /* Stub.swift */ = {isa = PBXFileReference; fileEncoding = 4; lastKnownFileType = sourcecode.swift; path = Stub.swift; sourceTree = "<group>"; };
		DB9041E425909E5D00305C9A /* Exports.swift */ = {isa = PBXFileReference; fileEncoding = 4; lastKnownFileType = sourcecode.swift; path = Exports.swift; sourceTree = "<group>"; };
		DB9041E525909E5D00305C9A /* IdentityHashable.swift */ = {isa = PBXFileReference; fileEncoding = 4; lastKnownFileType = sourcecode.swift; path = IdentityHashable.swift; sourceTree = "<group>"; };
		DB9041E625909E5D00305C9A /* IdentityEquatable.swift */ = {isa = PBXFileReference; fileEncoding = 4; lastKnownFileType = sourcecode.swift; path = IdentityEquatable.swift; sourceTree = "<group>"; };
		DBA6778926C2CDDA00F13983 /* RxSwift.xcframework */ = {isa = PBXFileReference; lastKnownFileType = wrapper.xcframework; name = RxSwift.xcframework; path = Carthage/Build/RxSwift.xcframework; sourceTree = "<group>"; };
		DBA6778D26C2CDE200F13983 /* WeakMapTable.xcframework */ = {isa = PBXFileReference; lastKnownFileType = wrapper.xcframework; name = WeakMapTable.xcframework; path = Carthage/Build/WeakMapTable.xcframework; sourceTree = "<group>"; };
/* End PBXFileReference section */

/* Begin PBXFrameworksBuildPhase section */
		DB76F3F8258E78CA00DD1761 /* Frameworks */ = {
			isa = PBXFrameworksBuildPhase;
			buildActionMask = 2147483647;
			files = (
				DBA6778A26C2CDDA00F13983 /* RxSwift.xcframework in Frameworks */,
				DBA6778E26C2CDE200F13983 /* WeakMapTable.xcframework in Frameworks */,
			);
			runOnlyForDeploymentPostprocessing = 0;
		};
/* End PBXFrameworksBuildPhase section */

/* Begin PBXGroup section */
		DB76F3F1258E78CA00DD1761 = {
			isa = PBXGroup;
			children = (
				DB76F3FD258E78CA00DD1761 /* ReactorKit */,
				DB76F3FC258E78CA00DD1761 /* Products */,
				DB76F43C258E7BA600DD1761 /* Frameworks */,
			);
			sourceTree = "<group>";
		};
		DB76F3FC258E78CA00DD1761 /* Products */ = {
			isa = PBXGroup;
			children = (
				DB76F3FB258E78CA00DD1761 /* ReactorKit.framework */,
			);
			name = Products;
			sourceTree = "<group>";
		};
		DB76F3FD258E78CA00DD1761 /* ReactorKit */ = {
			isa = PBXGroup;
			children = (
				DB76F3FF258E78CA00DD1761 /* Info.plist */,
				DB9041D325909B1E00305C9A /* ReactorKit.h */,
				DB9041D925909E5D00305C9A /* Sources */,
			);
			path = ReactorKit;
			sourceTree = "<group>";
		};
		DB76F43C258E7BA600DD1761 /* Frameworks */ = {
			isa = PBXGroup;
			children = (
				DBA6778D26C2CDE200F13983 /* WeakMapTable.xcframework */,
				DBA6778926C2CDDA00F13983 /* RxSwift.xcframework */,
				DB76F493258E862E00DD1761 /* WeakMapTable.framework */,
				DB76F480258E83A100DD1761 /* RxSwift.framework */,
			);
			name = Frameworks;
			sourceTree = "<group>";
		};
		DB9041D925909E5D00305C9A /* Sources */ = {
			isa = PBXGroup;
			children = (
				DB9041DA25909E5D00305C9A /* ReactorKitRuntime */,
				DB9041DD25909E5D00305C9A /* ReactorKit */,
			);
			path = Sources;
			sourceTree = SOURCE_ROOT;
		};
		DB9041DA25909E5D00305C9A /* ReactorKitRuntime */ = {
			isa = PBXGroup;
			children = (
				DB2059D92649223E008E9ED4 /* ReactorKitRuntime.h */,
				DB9041DB25909E5D00305C9A /* ReactorKitRuntime.m */,
			);
			path = ReactorKitRuntime;
			sourceTree = "<group>";
		};
		DB9041DD25909E5D00305C9A /* ReactorKit */ = {
			isa = PBXGroup;
			children = (
				DB9041DE25909E5D00305C9A /* View.swift */,
				DB9041DF25909E5D00305C9A /* StateRelay.swift */,
				DB9041E025909E5D00305C9A /* StoryboardView.swift */,
				DB9041E125909E5D00305C9A /* ActionSubject.swift */,
				DB9041E225909E5D00305C9A /* Reactor.swift */,
				DB9041E325909E5D00305C9A /* Stub.swift */,
				DB9041E425909E5D00305C9A /* Exports.swift */,
				DB9041E525909E5D00305C9A /* IdentityHashable.swift */,
				DB9041E625909E5D00305C9A /* IdentityEquatable.swift */,
			);
			path = ReactorKit;
			sourceTree = "<group>";
		};
/* End PBXGroup section */

/* Begin PBXHeadersBuildPhase section */
		DB76F3F6258E78CA00DD1761 /* Headers */ = {
			isa = PBXHeadersBuildPhase;
			buildActionMask = 2147483647;
			files = (
				DB9041D425909B1E00305C9A /* ReactorKit.h in Headers */,
				DB2059DA2649223E008E9ED4 /* ReactorKitRuntime.h in Headers */,
			);
			runOnlyForDeploymentPostprocessing = 0;
		};
/* End PBXHeadersBuildPhase section */

/* Begin PBXNativeTarget section */
		DB76F3FA258E78CA00DD1761 /* ReactorKit */ = {
			isa = PBXNativeTarget;
			buildConfigurationList = DB76F403258E78CA00DD1761 /* Build configuration list for PBXNativeTarget "ReactorKit" */;
			buildPhases = (
				DB76F3F6258E78CA00DD1761 /* Headers */,
				DB76F3F7258E78CA00DD1761 /* Sources */,
				DB76F3F8258E78CA00DD1761 /* Frameworks */,
				DB76F3F9258E78CA00DD1761 /* Resources */,
			);
			buildRules = (
			);
			dependencies = (
			);
			name = ReactorKit;
			productName = ReactorKit;
			productReference = DB76F3FB258E78CA00DD1761 /* ReactorKit.framework */;
			productType = "com.apple.product-type.framework";
		};
/* End PBXNativeTarget section */

/* Begin PBXProject section */
		DB76F3F2258E78CA00DD1761 /* Project object */ = {
			isa = PBXProject;
			attributes = {
				LastUpgradeCheck = 1170;
				ORGANIZATIONNAME = ReactorKit;
				TargetAttributes = {
					DB76F3FA258E78CA00DD1761 = {
						CreatedOnToolsVersion = 11.7;
					};
				};
			};
			buildConfigurationList = DB76F3F5258E78CA00DD1761 /* Build configuration list for PBXProject "ReactorKit" */;
			compatibilityVersion = "Xcode 9.3";
			developmentRegion = en;
			hasScannedForEncodings = 0;
			knownRegions = (
				en,
				Base,
			);
			mainGroup = DB76F3F1258E78CA00DD1761;
			productRefGroup = DB76F3FC258E78CA00DD1761 /* Products */;
			projectDirPath = "";
			projectRoot = "";
			targets = (
				DB76F3FA258E78CA00DD1761 /* ReactorKit */,
			);
		};
/* End PBXProject section */

/* Begin PBXResourcesBuildPhase section */
		DB76F3F9258E78CA00DD1761 /* Resources */ = {
			isa = PBXResourcesBuildPhase;
			buildActionMask = 2147483647;
			files = (
			);
			runOnlyForDeploymentPostprocessing = 0;
		};
/* End PBXResourcesBuildPhase section */

/* Begin PBXSourcesBuildPhase section */
		DB76F3F7258E78CA00DD1761 /* Sources */ = {
			isa = PBXSourcesBuildPhase;
			buildActionMask = 2147483647;
			files = (
				DB9041F125909E5D00305C9A /* IdentityEquatable.swift in Sources */,
				DB9041EA25909E5D00305C9A /* StateRelay.swift in Sources */,
				DB9041E925909E5D00305C9A /* View.swift in Sources */,
				DB9041E725909E5D00305C9A /* ReactorKitRuntime.m in Sources */,
				DB9041EC25909E5D00305C9A /* ActionSubject.swift in Sources */,
				DB9041ED25909E5D00305C9A /* Reactor.swift in Sources */,
				DB9041EF25909E5D00305C9A /* Exports.swift in Sources */,
				DB9041EB25909E5D00305C9A /* StoryboardView.swift in Sources */,
				DB9041F025909E5D00305C9A /* IdentityHashable.swift in Sources */,
				DB9041EE25909E5D00305C9A /* Stub.swift in Sources */,
			);
			runOnlyForDeploymentPostprocessing = 0;
		};
/* End PBXSourcesBuildPhase section */

/* Begin XCBuildConfiguration section */
		DB76F401258E78CA00DD1761 /* Debug */ = {
			isa = XCBuildConfiguration;
			buildSettings = {
				ALWAYS_SEARCH_USER_PATHS = NO;
				CLANG_ANALYZER_NONNULL = YES;
				CLANG_ANALYZER_NUMBER_OBJECT_CONVERSION = YES_AGGRESSIVE;
				CLANG_CXX_LANGUAGE_STANDARD = "gnu++14";
				CLANG_CXX_LIBRARY = "libc++";
				CLANG_ENABLE_MODULES = YES;
				CLANG_ENABLE_OBJC_ARC = YES;
				CLANG_ENABLE_OBJC_WEAK = YES;
				CLANG_WARN_BLOCK_CAPTURE_AUTORELEASING = YES;
				CLANG_WARN_BOOL_CONVERSION = YES;
				CLANG_WARN_COMMA = YES;
				CLANG_WARN_CONSTANT_CONVERSION = YES;
				CLANG_WARN_DEPRECATED_OBJC_IMPLEMENTATIONS = YES;
				CLANG_WARN_DIRECT_OBJC_ISA_USAGE = YES_ERROR;
				CLANG_WARN_DOCUMENTATION_COMMENTS = YES;
				CLANG_WARN_EMPTY_BODY = YES;
				CLANG_WARN_ENUM_CONVERSION = YES;
				CLANG_WARN_INFINITE_RECURSION = YES;
				CLANG_WARN_INT_CONVERSION = YES;
				CLANG_WARN_NON_LITERAL_NULL_CONVERSION = YES;
				CLANG_WARN_OBJC_IMPLICIT_RETAIN_SELF = YES;
				CLANG_WARN_OBJC_LITERAL_CONVERSION = YES;
				CLANG_WARN_OBJC_ROOT_CLASS = YES_ERROR;
				CLANG_WARN_RANGE_LOOP_ANALYSIS = YES;
				CLANG_WARN_STRICT_PROTOTYPES = YES;
				CLANG_WARN_SUSPICIOUS_MOVE = YES;
				CLANG_WARN_UNGUARDED_AVAILABILITY = YES_AGGRESSIVE;
				CLANG_WARN_UNREACHABLE_CODE = YES;
				CLANG_WARN__DUPLICATE_METHOD_MATCH = YES;
				COPY_PHASE_STRIP = NO;
				CURRENT_PROJECT_VERSION = 1;
				DEBUG_INFORMATION_FORMAT = dwarf;
				ENABLE_STRICT_OBJC_MSGSEND = YES;
				ENABLE_TESTABILITY = YES;
				GCC_C_LANGUAGE_STANDARD = gnu11;
				GCC_DYNAMIC_NO_PIC = NO;
				GCC_NO_COMMON_BLOCKS = YES;
				GCC_OPTIMIZATION_LEVEL = 0;
				GCC_PREPROCESSOR_DEFINITIONS = (
					"DEBUG=1",
					"$(inherited)",
				);
				GCC_WARN_64_TO_32_BIT_CONVERSION = YES;
				GCC_WARN_ABOUT_RETURN_TYPE = YES_ERROR;
				GCC_WARN_UNDECLARED_SELECTOR = YES;
				GCC_WARN_UNINITIALIZED_AUTOS = YES_AGGRESSIVE;
				GCC_WARN_UNUSED_FUNCTION = YES;
				GCC_WARN_UNUSED_VARIABLE = YES;
				IPHONEOS_DEPLOYMENT_TARGET = 11.0;
				MTL_ENABLE_DEBUG_INFO = INCLUDE_SOURCE;
				MTL_FAST_MATH = YES;
				ONLY_ACTIVE_ARCH = YES;
				SDKROOT = iphoneos;
				SWIFT_ACTIVE_COMPILATION_CONDITIONS = DEBUG;
				SWIFT_OPTIMIZATION_LEVEL = "-Onone";
				VERSIONING_SYSTEM = "apple-generic";
				VERSION_INFO_PREFIX = "";
			};
			name = Debug;
		};
		DB76F402258E78CA00DD1761 /* Release */ = {
			isa = XCBuildConfiguration;
			buildSettings = {
				ALWAYS_SEARCH_USER_PATHS = NO;
				CLANG_ANALYZER_NONNULL = YES;
				CLANG_ANALYZER_NUMBER_OBJECT_CONVERSION = YES_AGGRESSIVE;
				CLANG_CXX_LANGUAGE_STANDARD = "gnu++14";
				CLANG_CXX_LIBRARY = "libc++";
				CLANG_ENABLE_MODULES = YES;
				CLANG_ENABLE_OBJC_ARC = YES;
				CLANG_ENABLE_OBJC_WEAK = YES;
				CLANG_WARN_BLOCK_CAPTURE_AUTORELEASING = YES;
				CLANG_WARN_BOOL_CONVERSION = YES;
				CLANG_WARN_COMMA = YES;
				CLANG_WARN_CONSTANT_CONVERSION = YES;
				CLANG_WARN_DEPRECATED_OBJC_IMPLEMENTATIONS = YES;
				CLANG_WARN_DIRECT_OBJC_ISA_USAGE = YES_ERROR;
				CLANG_WARN_DOCUMENTATION_COMMENTS = YES;
				CLANG_WARN_EMPTY_BODY = YES;
				CLANG_WARN_ENUM_CONVERSION = YES;
				CLANG_WARN_INFINITE_RECURSION = YES;
				CLANG_WARN_INT_CONVERSION = YES;
				CLANG_WARN_NON_LITERAL_NULL_CONVERSION = YES;
				CLANG_WARN_OBJC_IMPLICIT_RETAIN_SELF = YES;
				CLANG_WARN_OBJC_LITERAL_CONVERSION = YES;
				CLANG_WARN_OBJC_ROOT_CLASS = YES_ERROR;
				CLANG_WARN_RANGE_LOOP_ANALYSIS = YES;
				CLANG_WARN_STRICT_PROTOTYPES = YES;
				CLANG_WARN_SUSPICIOUS_MOVE = YES;
				CLANG_WARN_UNGUARDED_AVAILABILITY = YES_AGGRESSIVE;
				CLANG_WARN_UNREACHABLE_CODE = YES;
				CLANG_WARN__DUPLICATE_METHOD_MATCH = YES;
				COPY_PHASE_STRIP = NO;
				CURRENT_PROJECT_VERSION = 1;
				DEBUG_INFORMATION_FORMAT = "dwarf-with-dsym";
				ENABLE_NS_ASSERTIONS = NO;
				ENABLE_STRICT_OBJC_MSGSEND = YES;
				GCC_C_LANGUAGE_STANDARD = gnu11;
				GCC_NO_COMMON_BLOCKS = YES;
				GCC_WARN_64_TO_32_BIT_CONVERSION = YES;
				GCC_WARN_ABOUT_RETURN_TYPE = YES_ERROR;
				GCC_WARN_UNDECLARED_SELECTOR = YES;
				GCC_WARN_UNINITIALIZED_AUTOS = YES_AGGRESSIVE;
				GCC_WARN_UNUSED_FUNCTION = YES;
				GCC_WARN_UNUSED_VARIABLE = YES;
				IPHONEOS_DEPLOYMENT_TARGET = 11.0;
				MTL_ENABLE_DEBUG_INFO = NO;
				MTL_FAST_MATH = YES;
				SDKROOT = iphoneos;
				SWIFT_COMPILATION_MODE = wholemodule;
				SWIFT_OPTIMIZATION_LEVEL = "-O";
				VALIDATE_PRODUCT = YES;
				VERSIONING_SYSTEM = "apple-generic";
				VERSION_INFO_PREFIX = "";
			};
			name = Release;
		};
		DB76F404258E78CA00DD1761 /* Debug */ = {
			isa = XCBuildConfiguration;
			buildSettings = {
				CODE_SIGN_STYLE = Automatic;
				DEAD_CODE_STRIPPING = NO;
				DEFINES_MODULE = YES;
				DYLIB_COMPATIBILITY_VERSION = 1;
				DYLIB_CURRENT_VERSION = 1;
				DYLIB_INSTALL_NAME_BASE = "@rpath";
				FRAMEWORK_SEARCH_PATHS = (
					"$(inherited)",
					"$(PROJECT_DIR)/Carthage/Build/iOS",
				);
				INFOPLIST_FILE = ReactorKit/Info.plist;
				INSTALL_PATH = "$(LOCAL_LIBRARY_DIR)/Frameworks";
				LD_RUNPATH_SEARCH_PATHS = (
					"$(inherited)",
					"@executable_path/Frameworks",
					"@loader_path/Frameworks",
				);
				MARKETING_VERSION = 2.1.3;
				PRODUCT_BUNDLE_IDENTIFIER = io.reactorKit.ReactorKit;
				PRODUCT_NAME = "$(TARGET_NAME:c99extidentifier)";
				SKIP_INSTALL = YES;
				SWIFT_VERSION = 5.0;
				TARGETED_DEVICE_FAMILY = "1,2";
			};
			name = Debug;
		};
		DB76F405258E78CA00DD1761 /* Release */ = {
			isa = XCBuildConfiguration;
			buildSettings = {
				CODE_SIGN_STYLE = Automatic;
				DEAD_CODE_STRIPPING = NO;
				DEFINES_MODULE = YES;
				DYLIB_COMPATIBILITY_VERSION = 1;
				DYLIB_CURRENT_VERSION = 1;
				DYLIB_INSTALL_NAME_BASE = "@rpath";
				FRAMEWORK_SEARCH_PATHS = (
					"$(inherited)",
					"$(PROJECT_DIR)/Carthage/Build/iOS",
				);
				INFOPLIST_FILE = ReactorKit/Info.plist;
				INSTALL_PATH = "$(LOCAL_LIBRARY_DIR)/Frameworks";
				LD_RUNPATH_SEARCH_PATHS = (
					"$(inherited)",
					"@executable_path/Frameworks",
					"@loader_path/Frameworks",
				);
				MARKETING_VERSION = 2.1.3;
				PRODUCT_BUNDLE_IDENTIFIER = io.reactorKit.ReactorKit;
				PRODUCT_NAME = "$(TARGET_NAME:c99extidentifier)";
				SKIP_INSTALL = YES;
				SWIFT_VERSION = 5.0;
				TARGETED_DEVICE_FAMILY = "1,2";
			};
			name = Release;
		};
/* End XCBuildConfiguration section */

/* Begin XCConfigurationList section */
		DB76F3F5258E78CA00DD1761 /* Build configuration list for PBXProject "ReactorKit" */ = {
			isa = XCConfigurationList;
			buildConfigurations = (
				DB76F401258E78CA00DD1761 /* Debug */,
				DB76F402258E78CA00DD1761 /* Release */,
			);
			defaultConfigurationIsVisible = 0;
			defaultConfigurationName = Release;
		};
		DB76F403258E78CA00DD1761 /* Build configuration list for PBXNativeTarget "ReactorKit" */ = {
			isa = XCConfigurationList;
			buildConfigurations = (
				DB76F404258E78CA00DD1761 /* Debug */,
				DB76F405258E78CA00DD1761 /* Release */,
			);
			defaultConfigurationIsVisible = 0;
			defaultConfigurationName = Release;
		};
/* End XCConfigurationList section */
	};
	rootObject = DB76F3F2258E78CA00DD1761 /* Project object */;
}
